// !$*UTF8*$!
{
	archiveVersion = 1;
	classes = {
	};
	objectVersion = 56;
	objects = {

/* Begin PBXBuildFile section */
		7404130B2A4C6D8D0048DFB8 /* msx2def.h in Headers */ = {isa = PBXBuildFile; fileRef = 740412FF2A4C6D8C0048DFB8 /* msx2def.h */; };
		7404130C2A4C6D8D0048DFB8 /* msx2.hpp in Headers */ = {isa = PBXBuildFile; fileRef = 740413002A4C6D8C0048DFB8 /* msx2.hpp */; };
		7404130D2A4C6D8D0048DFB8 /* msx2clock.hpp in Headers */ = {isa = PBXBuildFile; fileRef = 740413012A4C6D8C0048DFB8 /* msx2clock.hpp */; };
		7404130E2A4C6D8D0048DFB8 /* msx2kanji.hpp in Headers */ = {isa = PBXBuildFile; fileRef = 740413022A4C6D8C0048DFB8 /* msx2kanji.hpp */; };
		7404130F2A4C6D8D0048DFB8 /* emu2413.h in Headers */ = {isa = PBXBuildFile; fileRef = 740413032A4C6D8C0048DFB8 /* emu2413.h */; };
		740413102A4C6D8D0048DFB8 /* scc.hpp in Headers */ = {isa = PBXBuildFile; fileRef = 740413042A4C6D8D0048DFB8 /* scc.hpp */; };
		740413112A4C6D8D0048DFB8 /* v9958.hpp in Headers */ = {isa = PBXBuildFile; fileRef = 740413052A4C6D8D0048DFB8 /* v9958.hpp */; };
		740413122A4C6D8D0048DFB8 /* z80.hpp in Headers */ = {isa = PBXBuildFile; fileRef = 740413062A4C6D8D0048DFB8 /* z80.hpp */; };
		740413132A4C6D8D0048DFB8 /* emu2413.c in Sources */ = {isa = PBXBuildFile; fileRef = 740413072A4C6D8D0048DFB8 /* emu2413.c */; };
		740413142A4C6D8D0048DFB8 /* ay8910.hpp in Headers */ = {isa = PBXBuildFile; fileRef = 740413082A4C6D8D0048DFB8 /* ay8910.hpp */; };
		740413152A4C6D8D0048DFB8 /* msx2mmu.hpp in Headers */ = {isa = PBXBuildFile; fileRef = 740413092A4C6D8D0048DFB8 /* msx2mmu.hpp */; };
		740413162A4C6D8D0048DFB8 /* tc8566af.hpp in Headers */ = {isa = PBXBuildFile; fileRef = 7404130A2A4C6D8D0048DFB8 /* tc8566af.hpp */; };
		740413202A4C6D9A0048DFB8 /* lz4hc.h in Headers */ = {isa = PBXBuildFile; fileRef = 740413172A4C6D9A0048DFB8 /* lz4hc.h */; };
		740413212A4C6D9A0048DFB8 /* lz4.c in Sources */ = {isa = PBXBuildFile; fileRef = 740413182A4C6D9A0048DFB8 /* lz4.c */; };
		740413222A4C6D9A0048DFB8 /* lz4frame_static.h in Headers */ = {isa = PBXBuildFile; fileRef = 740413192A4C6D9A0048DFB8 /* lz4frame_static.h */; };
		740413232A4C6D9A0048DFB8 /* lz4.h in Headers */ = {isa = PBXBuildFile; fileRef = 7404131A2A4C6D9A0048DFB8 /* lz4.h */; };
		740413242A4C6D9A0048DFB8 /* lz4hc.c in Sources */ = {isa = PBXBuildFile; fileRef = 7404131B2A4C6D9A0048DFB8 /* lz4hc.c */; };
		740413252A4C6D9A0048DFB8 /* lz4frame.c in Sources */ = {isa = PBXBuildFile; fileRef = 7404131C2A4C6D9A0048DFB8 /* lz4frame.c */; };
		740413262A4C6D9A0048DFB8 /* xxhash.h in Headers */ = {isa = PBXBuildFile; fileRef = 7404131D2A4C6D9A0048DFB8 /* xxhash.h */; };
		740413272A4C6D9A0048DFB8 /* xxhash.c in Sources */ = {isa = PBXBuildFile; fileRef = 7404131E2A4C6D9A0048DFB8 /* xxhash.c */; };
		740413282A4C6D9A0048DFB8 /* lz4frame.h in Headers */ = {isa = PBXBuildFile; fileRef = 7404131F2A4C6D9A0048DFB8 /* lz4frame.h */; };
		7405F0B82A4BAA2500D238FC /* MSX2View.h in Headers */ = {isa = PBXBuildFile; fileRef = 7405F0B62A4BAA2500D238FC /* MSX2View.h */; settings = {ATTRIBUTES = (Public, ); }; };
		7405F0B92A4BAA2500D238FC /* MSX2View.m in Sources */ = {isa = PBXBuildFile; fileRef = 7405F0B72A4BAA2500D238FC /* MSX2View.m */; };
		7405F0BC2A4BB83100D238FC /* MSX2JoyPad.h in Headers */ = {isa = PBXBuildFile; fileRef = 7405F0BA2A4BB83100D238FC /* MSX2JoyPad.h */; settings = {ATTRIBUTES = (Public, ); }; };
		7405F0BD2A4BB83100D238FC /* MSX2JoyPad.m in Sources */ = {isa = PBXBuildFile; fileRef = 7405F0BB2A4BB83100D238FC /* MSX2JoyPad.m */; };
		741F13532A4AD0F0001B057E /* MSX2.h in Headers */ = {isa = PBXBuildFile; fileRef = 741F13522A4AD0F0001B057E /* MSX2.h */; settings = {ATTRIBUTES = (Public, ); }; };
		743803162A4BBF7C00B2C3C5 /* AudioToolbox.framework in Frameworks */ = {isa = PBXBuildFile; fileRef = 743803152A4BBF7B00B2C3C5 /* AudioToolbox.framework */; };
		743803182A4BBF9A00B2C3C5 /* CoreAudio.framework in Frameworks */ = {isa = PBXBuildFile; fileRef = 743803172A4BBF9A00B2C3C5 /* CoreAudio.framework */; };
		747420EB2A4BBDF90002D193 /* sound-ios.cpp in Sources */ = {isa = PBXBuildFile; fileRef = 747420E92A4BBDF90002D193 /* sound-ios.cpp */; };
		747420EC2A4BBDF90002D193 /* sound-ios.h in Headers */ = {isa = PBXBuildFile; fileRef = 747420EA2A4BBDF90002D193 /* sound-ios.h */; };
		747420EF2A4BBE650002D193 /* BufferQueue.cpp in Sources */ = {isa = PBXBuildFile; fileRef = 747420ED2A4BBE650002D193 /* BufferQueue.cpp */; };
		747420F02A4BBE650002D193 /* BufferQueue.h in Headers */ = {isa = PBXBuildFile; fileRef = 747420EE2A4BBE650002D193 /* BufferQueue.h */; };
		749632B12A4C104200B7559B /* AppDelegate.m in Sources */ = {isa = PBXBuildFile; fileRef = 749632B02A4C104200B7559B /* AppDelegate.m */; };
		749632B42A4C104200B7559B /* SceneDelegate.m in Sources */ = {isa = PBXBuildFile; fileRef = 749632B32A4C104200B7559B /* SceneDelegate.m */; };
		749632B72A4C104200B7559B /* ViewController.m in Sources */ = {isa = PBXBuildFile; fileRef = 749632B62A4C104200B7559B /* ViewController.m */; };
		749632BA2A4C104200B7559B /* Main.storyboard in Resources */ = {isa = PBXBuildFile; fileRef = 749632B82A4C104200B7559B /* Main.storyboard */; };
		749632BC2A4C104400B7559B /* Assets.xcassets in Resources */ = {isa = PBXBuildFile; fileRef = 749632BB2A4C104400B7559B /* Assets.xcassets */; };
		749632BF2A4C104400B7559B /* LaunchScreen.storyboard in Resources */ = {isa = PBXBuildFile; fileRef = 749632BD2A4C104400B7559B /* LaunchScreen.storyboard */; };
		749632C22A4C104400B7559B /* main.m in Sources */ = {isa = PBXBuildFile; fileRef = 749632C12A4C104400B7559B /* main.m */; };
		749632C62A4C104E00B7559B /* MSX2.framework in Frameworks */ = {isa = PBXBuildFile; fileRef = 741F134F2A4AD0F0001B057E /* MSX2.framework */; };
		749632D42A4C1B2600B7559B /* MenuView.m in Sources */ = {isa = PBXBuildFile; fileRef = 749632D32A4C1B2600B7559B /* MenuView.m */; };
		749632D72A4C1EE800B7559B /* VirtualPadView.m in Sources */ = {isa = PBXBuildFile; fileRef = 749632D62A4C1EE800B7559B /* VirtualPadView.m */; };
		7496B7342A4BA79000A37A12 /* MSX2CALayer.h in Headers */ = {isa = PBXBuildFile; fileRef = 7496B7322A4BA79000A37A12 /* MSX2CALayer.h */; };
		7496B7352A4BA79000A37A12 /* MSX2CALayer.m in Sources */ = {isa = PBXBuildFile; fileRef = 7496B7332A4BA79000A37A12 /* MSX2CALayer.m */; };
		74D439D72A4B02F800DC289B /* msx2gw.cpp in Sources */ = {isa = PBXBuildFile; fileRef = 74D439D52A4B02F800DC289B /* msx2gw.cpp */; };
		74D439D82A4B02F800DC289B /* msx2gw.h in Headers */ = {isa = PBXBuildFile; fileRef = 74D439D62A4B02F800DC289B /* msx2gw.h */; };
		74D439DE2A4B11DC00DC289B /* MSX2Core.h in Headers */ = {isa = PBXBuildFile; fileRef = 74D439DC2A4B11DC00DC289B /* MSX2Core.h */; settings = {ATTRIBUTES = (Public, ); }; };
		74D439DF2A4B11DC00DC289B /* MSX2Core.m in Sources */ = {isa = PBXBuildFile; fileRef = 74D439DD2A4B11DC00DC289B /* MSX2Core.m */; };
		74FCC6B32A4D06770079C4BD /* game.rom in Resources */ = {isa = PBXBuildFile; fileRef = 74FCC6B22A4D05D90079C4BD /* game.rom */; };
		74FCC6B42A4D06770079C4BD /* cbios_logo_msx2+.rom in Resources */ = {isa = PBXBuildFile; fileRef = 74FCC6AF2A4D05D90079C4BD /* cbios_logo_msx2+.rom */; };
		74FCC6B52A4D06770079C4BD /* cbios_main_msx2+_jp.rom in Resources */ = {isa = PBXBuildFile; fileRef = 74FCC6B12A4D05D90079C4BD /* cbios_main_msx2+_jp.rom */; };
		74FCC6B62A4D06770079C4BD /* cbios_sub.rom in Resources */ = {isa = PBXBuildFile; fileRef = 74FCC6B02A4D05D90079C4BD /* cbios_sub.rom */; };
		74FCC6BE2A4FF04F0079C4BD /* AppDelegate.swift in Sources */ = {isa = PBXBuildFile; fileRef = 74FCC6BD2A4FF04F0079C4BD /* AppDelegate.swift */; };
		74FCC6C02A4FF04F0079C4BD /* SceneDelegate.swift in Sources */ = {isa = PBXBuildFile; fileRef = 74FCC6BF2A4FF04F0079C4BD /* SceneDelegate.swift */; };
		74FCC6C22A4FF04F0079C4BD /* ViewController.swift in Sources */ = {isa = PBXBuildFile; fileRef = 74FCC6C12A4FF04F0079C4BD /* ViewController.swift */; };
		74FCC6C52A4FF04F0079C4BD /* Main.storyboard in Resources */ = {isa = PBXBuildFile; fileRef = 74FCC6C32A4FF04F0079C4BD /* Main.storyboard */; };
		74FCC6C72A4FF0520079C4BD /* Assets.xcassets in Resources */ = {isa = PBXBuildFile; fileRef = 74FCC6C62A4FF0520079C4BD /* Assets.xcassets */; };
		74FCC6CA2A4FF0520079C4BD /* LaunchScreen.storyboard in Resources */ = {isa = PBXBuildFile; fileRef = 74FCC6C82A4FF0520079C4BD /* LaunchScreen.storyboard */; };
		74FCC6CF2A4FF09D0079C4BD /* MSX2.framework in Frameworks */ = {isa = PBXBuildFile; fileRef = 741F134F2A4AD0F0001B057E /* MSX2.framework */; };
		74FCC6D52A4FF4730079C4BD /* cbios_logo_msx2+.rom in Resources */ = {isa = PBXBuildFile; fileRef = 74FCC6D12A4FF4730079C4BD /* cbios_logo_msx2+.rom */; };
		74FCC6D62A4FF4730079C4BD /* cbios_sub.rom in Resources */ = {isa = PBXBuildFile; fileRef = 74FCC6D22A4FF4730079C4BD /* cbios_sub.rom */; };
		74FCC6D72A4FF4730079C4BD /* cbios_main_msx2+_jp.rom in Resources */ = {isa = PBXBuildFile; fileRef = 74FCC6D32A4FF4730079C4BD /* cbios_main_msx2+_jp.rom */; };
		74FCC6D82A4FF4730079C4BD /* game.rom in Resources */ = {isa = PBXBuildFile; fileRef = 74FCC6D42A4FF4730079C4BD /* game.rom */; };
/* End PBXBuildFile section */

/* Begin PBXFileReference section */
		740412FF2A4C6D8C0048DFB8 /* msx2def.h */ = {isa = PBXFileReference; fileEncoding = 4; lastKnownFileType = sourcecode.c.h; name = msx2def.h; path = ../../../src/core/msx2def.h; sourceTree = "<group>"; };
		740413002A4C6D8C0048DFB8 /* msx2.hpp */ = {isa = PBXFileReference; fileEncoding = 4; lastKnownFileType = sourcecode.cpp.h; name = msx2.hpp; path = ../../../src/core/msx2.hpp; sourceTree = "<group>"; };
		740413012A4C6D8C0048DFB8 /* msx2clock.hpp */ = {isa = PBXFileReference; fileEncoding = 4; lastKnownFileType = sourcecode.cpp.h; name = msx2clock.hpp; path = ../../../src/core/msx2clock.hpp; sourceTree = "<group>"; };
		740413022A4C6D8C0048DFB8 /* msx2kanji.hpp */ = {isa = PBXFileReference; fileEncoding = 4; lastKnownFileType = sourcecode.cpp.h; name = msx2kanji.hpp; path = ../../../src/core/msx2kanji.hpp; sourceTree = "<group>"; };
		740413032A4C6D8C0048DFB8 /* emu2413.h */ = {isa = PBXFileReference; fileEncoding = 4; lastKnownFileType = sourcecode.c.h; name = emu2413.h; path = ../../../src/core/emu2413.h; sourceTree = "<group>"; };
		740413042A4C6D8D0048DFB8 /* scc.hpp */ = {isa = PBXFileReference; fileEncoding = 4; lastKnownFileType = sourcecode.cpp.h; name = scc.hpp; path = ../../../src/core/scc.hpp; sourceTree = "<group>"; };
		740413052A4C6D8D0048DFB8 /* v9958.hpp */ = {isa = PBXFileReference; fileEncoding = 4; lastKnownFileType = sourcecode.cpp.h; name = v9958.hpp; path = ../../../src/core/v9958.hpp; sourceTree = "<group>"; };
		740413062A4C6D8D0048DFB8 /* z80.hpp */ = {isa = PBXFileReference; fileEncoding = 4; lastKnownFileType = sourcecode.cpp.h; name = z80.hpp; path = ../../../src/core/z80.hpp; sourceTree = "<group>"; };
		740413072A4C6D8D0048DFB8 /* emu2413.c */ = {isa = PBXFileReference; fileEncoding = 4; lastKnownFileType = sourcecode.c.c; name = emu2413.c; path = ../../../src/core/emu2413.c; sourceTree = "<group>"; };
		740413082A4C6D8D0048DFB8 /* ay8910.hpp */ = {isa = PBXFileReference; fileEncoding = 4; lastKnownFileType = sourcecode.cpp.h; name = ay8910.hpp; path = ../../../src/core/ay8910.hpp; sourceTree = "<group>"; };
		740413092A4C6D8D0048DFB8 /* msx2mmu.hpp */ = {isa = PBXFileReference; fileEncoding = 4; lastKnownFileType = sourcecode.cpp.h; name = msx2mmu.hpp; path = ../../../src/core/msx2mmu.hpp; sourceTree = "<group>"; };
		7404130A2A4C6D8D0048DFB8 /* tc8566af.hpp */ = {isa = PBXFileReference; fileEncoding = 4; lastKnownFileType = sourcecode.cpp.h; name = tc8566af.hpp; path = ../../../src/core/tc8566af.hpp; sourceTree = "<group>"; };
		740413172A4C6D9A0048DFB8 /* lz4hc.h */ = {isa = PBXFileReference; fileEncoding = 4; lastKnownFileType = sourcecode.c.h; name = lz4hc.h; path = ../../../src/lz4/lz4hc.h; sourceTree = "<group>"; };
		740413182A4C6D9A0048DFB8 /* lz4.c */ = {isa = PBXFileReference; fileEncoding = 4; lastKnownFileType = sourcecode.c.c; name = lz4.c; path = ../../../src/lz4/lz4.c; sourceTree = "<group>"; };
		740413192A4C6D9A0048DFB8 /* lz4frame_static.h */ = {isa = PBXFileReference; fileEncoding = 4; lastKnownFileType = sourcecode.c.h; name = lz4frame_static.h; path = ../../../src/lz4/lz4frame_static.h; sourceTree = "<group>"; };
		7404131A2A4C6D9A0048DFB8 /* lz4.h */ = {isa = PBXFileReference; fileEncoding = 4; lastKnownFileType = sourcecode.c.h; name = lz4.h; path = ../../../src/lz4/lz4.h; sourceTree = "<group>"; };
		7404131B2A4C6D9A0048DFB8 /* lz4hc.c */ = {isa = PBXFileReference; fileEncoding = 4; lastKnownFileType = sourcecode.c.c; name = lz4hc.c; path = ../../../src/lz4/lz4hc.c; sourceTree = "<group>"; };
		7404131C2A4C6D9A0048DFB8 /* lz4frame.c */ = {isa = PBXFileReference; fileEncoding = 4; lastKnownFileType = sourcecode.c.c; name = lz4frame.c; path = ../../../src/lz4/lz4frame.c; sourceTree = "<group>"; };
		7404131D2A4C6D9A0048DFB8 /* xxhash.h */ = {isa = PBXFileReference; fileEncoding = 4; lastKnownFileType = sourcecode.c.h; name = xxhash.h; path = ../../../src/lz4/xxhash.h; sourceTree = "<group>"; };
		7404131E2A4C6D9A0048DFB8 /* xxhash.c */ = {isa = PBXFileReference; fileEncoding = 4; lastKnownFileType = sourcecode.c.c; name = xxhash.c; path = ../../../src/lz4/xxhash.c; sourceTree = "<group>"; };
		7404131F2A4C6D9A0048DFB8 /* lz4frame.h */ = {isa = PBXFileReference; fileEncoding = 4; lastKnownFileType = sourcecode.c.h; name = lz4frame.h; path = ../../../src/lz4/lz4frame.h; sourceTree = "<group>"; };
		7405F0B62A4BAA2500D238FC /* MSX2View.h */ = {isa = PBXFileReference; lastKnownFileType = sourcecode.c.h; path = MSX2View.h; sourceTree = "<group>"; };
		7405F0B72A4BAA2500D238FC /* MSX2View.m */ = {isa = PBXFileReference; lastKnownFileType = sourcecode.c.objc; path = MSX2View.m; sourceTree = "<group>"; };
		7405F0BA2A4BB83100D238FC /* MSX2JoyPad.h */ = {isa = PBXFileReference; lastKnownFileType = sourcecode.c.h; path = MSX2JoyPad.h; sourceTree = "<group>"; };
		7405F0BB2A4BB83100D238FC /* MSX2JoyPad.m */ = {isa = PBXFileReference; lastKnownFileType = sourcecode.c.objc; path = MSX2JoyPad.m; sourceTree = "<group>"; };
		741F134F2A4AD0F0001B057E /* MSX2.framework */ = {isa = PBXFileReference; explicitFileType = wrapper.framework; includeInIndex = 0; path = MSX2.framework; sourceTree = BUILT_PRODUCTS_DIR; };
		741F13522A4AD0F0001B057E /* MSX2.h */ = {isa = PBXFileReference; lastKnownFileType = sourcecode.c.h; path = MSX2.h; sourceTree = "<group>"; };
		743803152A4BBF7B00B2C3C5 /* AudioToolbox.framework */ = {isa = PBXFileReference; lastKnownFileType = wrapper.framework; name = AudioToolbox.framework; path = Platforms/MacOSX.platform/Developer/SDKs/MacOSX13.3.sdk/System/Library/Frameworks/AudioToolbox.framework; sourceTree = DEVELOPER_DIR; };
		743803172A4BBF9A00B2C3C5 /* CoreAudio.framework */ = {isa = PBXFileReference; lastKnownFileType = wrapper.framework; name = CoreAudio.framework; path = Platforms/MacOSX.platform/Developer/SDKs/MacOSX13.3.sdk/System/Library/Frameworks/CoreAudio.framework; sourceTree = DEVELOPER_DIR; };
		747420E92A4BBDF90002D193 /* sound-ios.cpp */ = {isa = PBXFileReference; lastKnownFileType = sourcecode.cpp.cpp; path = "sound-ios.cpp"; sourceTree = "<group>"; };
		747420EA2A4BBDF90002D193 /* sound-ios.h */ = {isa = PBXFileReference; lastKnownFileType = sourcecode.c.h; path = "sound-ios.h"; sourceTree = "<group>"; };
		747420ED2A4BBE650002D193 /* BufferQueue.cpp */ = {isa = PBXFileReference; lastKnownFileType = sourcecode.cpp.cpp; path = BufferQueue.cpp; sourceTree = "<group>"; };
		747420EE2A4BBE650002D193 /* BufferQueue.h */ = {isa = PBXFileReference; lastKnownFileType = sourcecode.c.h; path = BufferQueue.h; sourceTree = "<group>"; };
		749632AD2A4C104200B7559B /* app-objc.app */ = {isa = PBXFileReference; explicitFileType = wrapper.application; includeInIndex = 0; path = "app-objc.app"; sourceTree = BUILT_PRODUCTS_DIR; };
		749632AF2A4C104200B7559B /* AppDelegate.h */ = {isa = PBXFileReference; lastKnownFileType = sourcecode.c.h; path = AppDelegate.h; sourceTree = "<group>"; };
		749632B02A4C104200B7559B /* AppDelegate.m */ = {isa = PBXFileReference; lastKnownFileType = sourcecode.c.objc; path = AppDelegate.m; sourceTree = "<group>"; };
		749632B22A4C104200B7559B /* SceneDelegate.h */ = {isa = PBXFileReference; lastKnownFileType = sourcecode.c.h; path = SceneDelegate.h; sourceTree = "<group>"; };
		749632B32A4C104200B7559B /* SceneDelegate.m */ = {isa = PBXFileReference; lastKnownFileType = sourcecode.c.objc; path = SceneDelegate.m; sourceTree = "<group>"; };
		749632B52A4C104200B7559B /* ViewController.h */ = {isa = PBXFileReference; lastKnownFileType = sourcecode.c.h; path = ViewController.h; sourceTree = "<group>"; };
		749632B62A4C104200B7559B /* ViewController.m */ = {isa = PBXFileReference; lastKnownFileType = sourcecode.c.objc; path = ViewController.m; sourceTree = "<group>"; };
		749632B92A4C104200B7559B /* Base */ = {isa = PBXFileReference; lastKnownFileType = file.storyboard; name = Base; path = Base.lproj/Main.storyboard; sourceTree = "<group>"; };
		749632BB2A4C104400B7559B /* Assets.xcassets */ = {isa = PBXFileReference; lastKnownFileType = folder.assetcatalog; path = Assets.xcassets; sourceTree = "<group>"; };
		749632BE2A4C104400B7559B /* Base */ = {isa = PBXFileReference; lastKnownFileType = file.storyboard; name = Base; path = Base.lproj/LaunchScreen.storyboard; sourceTree = "<group>"; };
		749632C02A4C104400B7559B /* Info.plist */ = {isa = PBXFileReference; lastKnownFileType = text.plist.xml; path = Info.plist; sourceTree = "<group>"; };
		749632C12A4C104400B7559B /* main.m */ = {isa = PBXFileReference; lastKnownFileType = sourcecode.c.objc; path = main.m; sourceTree = "<group>"; };
		749632D22A4C1B2600B7559B /* MenuView.h */ = {isa = PBXFileReference; lastKnownFileType = sourcecode.c.h; path = MenuView.h; sourceTree = "<group>"; };
		749632D32A4C1B2600B7559B /* MenuView.m */ = {isa = PBXFileReference; lastKnownFileType = sourcecode.c.objc; path = MenuView.m; sourceTree = "<group>"; };
		749632D52A4C1EE800B7559B /* VirtualPadView.h */ = {isa = PBXFileReference; lastKnownFileType = sourcecode.c.h; path = VirtualPadView.h; sourceTree = "<group>"; };
		749632D62A4C1EE800B7559B /* VirtualPadView.m */ = {isa = PBXFileReference; lastKnownFileType = sourcecode.c.objc; path = VirtualPadView.m; sourceTree = "<group>"; };
		7496B7322A4BA79000A37A12 /* MSX2CALayer.h */ = {isa = PBXFileReference; lastKnownFileType = sourcecode.c.h; path = MSX2CALayer.h; sourceTree = "<group>"; };
		7496B7332A4BA79000A37A12 /* MSX2CALayer.m */ = {isa = PBXFileReference; lastKnownFileType = sourcecode.c.objc; path = MSX2CALayer.m; sourceTree = "<group>"; };
		74D439D52A4B02F800DC289B /* msx2gw.cpp */ = {isa = PBXFileReference; lastKnownFileType = sourcecode.cpp.cpp; path = msx2gw.cpp; sourceTree = "<group>"; };
		74D439D62A4B02F800DC289B /* msx2gw.h */ = {isa = PBXFileReference; lastKnownFileType = sourcecode.c.h; path = msx2gw.h; sourceTree = "<group>"; };
		74D439D92A4B0D3C00DC289B /* sha1.hpp */ = {isa = PBXFileReference; lastKnownFileType = sourcecode.cpp.h; path = sha1.hpp; sourceTree = "<group>"; };
		74D439DC2A4B11DC00DC289B /* MSX2Core.h */ = {isa = PBXFileReference; lastKnownFileType = sourcecode.c.h; path = MSX2Core.h; sourceTree = "<group>"; };
		74D439DD2A4B11DC00DC289B /* MSX2Core.m */ = {isa = PBXFileReference; lastKnownFileType = sourcecode.c.objc; path = MSX2Core.m; sourceTree = "<group>"; };
		74FCC6AF2A4D05D90079C4BD /* cbios_logo_msx2+.rom */ = {isa = PBXFileReference; lastKnownFileType = file; path = "cbios_logo_msx2+.rom"; sourceTree = "<group>"; };
		74FCC6B02A4D05D90079C4BD /* cbios_sub.rom */ = {isa = PBXFileReference; lastKnownFileType = file; path = cbios_sub.rom; sourceTree = "<group>"; };
		74FCC6B12A4D05D90079C4BD /* cbios_main_msx2+_jp.rom */ = {isa = PBXFileReference; lastKnownFileType = file; path = "cbios_main_msx2+_jp.rom"; sourceTree = "<group>"; };
		74FCC6B22A4D05D90079C4BD /* game.rom */ = {isa = PBXFileReference; lastKnownFileType = file; path = game.rom; sourceTree = "<group>"; };
		74FCC6BB2A4FF04F0079C4BD /* app-swift.app */ = {isa = PBXFileReference; explicitFileType = wrapper.application; includeInIndex = 0; path = "app-swift.app"; sourceTree = BUILT_PRODUCTS_DIR; };
		74FCC6BD2A4FF04F0079C4BD /* AppDelegate.swift */ = {isa = PBXFileReference; lastKnownFileType = sourcecode.swift; path = AppDelegate.swift; sourceTree = "<group>"; };
		74FCC6BF2A4FF04F0079C4BD /* SceneDelegate.swift */ = {isa = PBXFileReference; lastKnownFileType = sourcecode.swift; path = SceneDelegate.swift; sourceTree = "<group>"; };
		74FCC6C12A4FF04F0079C4BD /* ViewController.swift */ = {isa = PBXFileReference; lastKnownFileType = sourcecode.swift; path = ViewController.swift; sourceTree = "<group>"; };
		74FCC6C42A4FF04F0079C4BD /* Base */ = {isa = PBXFileReference; lastKnownFileType = file.storyboard; name = Base; path = Base.lproj/Main.storyboard; sourceTree = "<group>"; };
		74FCC6C62A4FF0520079C4BD /* Assets.xcassets */ = {isa = PBXFileReference; lastKnownFileType = folder.assetcatalog; path = Assets.xcassets; sourceTree = "<group>"; };
		74FCC6C92A4FF0520079C4BD /* Base */ = {isa = PBXFileReference; lastKnownFileType = file.storyboard; name = Base; path = Base.lproj/LaunchScreen.storyboard; sourceTree = "<group>"; };
		74FCC6CB2A4FF0520079C4BD /* Info.plist */ = {isa = PBXFileReference; lastKnownFileType = text.plist.xml; path = Info.plist; sourceTree = "<group>"; };
		74FCC6D12A4FF4730079C4BD /* cbios_logo_msx2+.rom */ = {isa = PBXFileReference; lastKnownFileType = file; path = "cbios_logo_msx2+.rom"; sourceTree = "<group>"; };
		74FCC6D22A4FF4730079C4BD /* cbios_sub.rom */ = {isa = PBXFileReference; lastKnownFileType = file; path = cbios_sub.rom; sourceTree = "<group>"; };
		74FCC6D32A4FF4730079C4BD /* cbios_main_msx2+_jp.rom */ = {isa = PBXFileReference; lastKnownFileType = file; path = "cbios_main_msx2+_jp.rom"; sourceTree = "<group>"; };
		74FCC6D42A4FF4730079C4BD /* game.rom */ = {isa = PBXFileReference; lastKnownFileType = file; path = game.rom; sourceTree = "<group>"; };
/* End PBXFileReference section */

/* Begin PBXFrameworksBuildPhase section */
		741F134C2A4AD0EF001B057E /* Frameworks */ = {
			isa = PBXFrameworksBuildPhase;
			buildActionMask = 2147483647;
			files = (
				743803182A4BBF9A00B2C3C5 /* CoreAudio.framework in Frameworks */,
				743803162A4BBF7C00B2C3C5 /* AudioToolbox.framework in Frameworks */,
			);
			runOnlyForDeploymentPostprocessing = 0;
		};
		749632AA2A4C104200B7559B /* Frameworks */ = {
			isa = PBXFrameworksBuildPhase;
			buildActionMask = 2147483647;
			files = (
				749632C62A4C104E00B7559B /* MSX2.framework in Frameworks */,
			);
			runOnlyForDeploymentPostprocessing = 0;
		};
		74FCC6B82A4FF04F0079C4BD /* Frameworks */ = {
			isa = PBXFrameworksBuildPhase;
			buildActionMask = 2147483647;
			files = (
				74FCC6CF2A4FF09D0079C4BD /* MSX2.framework in Frameworks */,
			);
			runOnlyForDeploymentPostprocessing = 0;
		};
/* End PBXFrameworksBuildPhase section */

/* Begin PBXGroup section */
		741F13452A4AD0EF001B057E = {
			isa = PBXGroup;
			children = (
				741F13512A4AD0F0001B057E /* MSX2 */,
				749632AE2A4C104200B7559B /* app-objc */,
				74FCC6BC2A4FF04F0079C4BD /* app-swift */,
				741F13502A4AD0F0001B057E /* Products */,
				743803142A4BBF7B00B2C3C5 /* Frameworks */,
			);
			sourceTree = "<group>";
		};
		741F13502A4AD0F0001B057E /* Products */ = {
			isa = PBXGroup;
			children = (
				741F134F2A4AD0F0001B057E /* MSX2.framework */,
				749632AD2A4C104200B7559B /* app-objc.app */,
				74FCC6BB2A4FF04F0079C4BD /* app-swift.app */,
			);
			name = Products;
			sourceTree = "<group>";
		};
		741F13512A4AD0F0001B057E /* MSX2 */ = {
			isa = PBXGroup;
			children = (
				74D439AA2A4B01C900DC289B /* lz4 */,
				74D439A92A4B01A200DC289B /* core */,
				741F13522A4AD0F0001B057E /* MSX2.h */,
				74D439DC2A4B11DC00DC289B /* MSX2Core.h */,
				74D439DD2A4B11DC00DC289B /* MSX2Core.m */,
				7496B7322A4BA79000A37A12 /* MSX2CALayer.h */,
				7496B7332A4BA79000A37A12 /* MSX2CALayer.m */,
				7405F0BA2A4BB83100D238FC /* MSX2JoyPad.h */,
				7405F0BB2A4BB83100D238FC /* MSX2JoyPad.m */,
				7405F0B62A4BAA2500D238FC /* MSX2View.h */,
				7405F0B72A4BAA2500D238FC /* MSX2View.m */,
				747420E92A4BBDF90002D193 /* sound-ios.cpp */,
				747420EA2A4BBDF90002D193 /* sound-ios.h */,
				747420ED2A4BBE650002D193 /* BufferQueue.cpp */,
				747420EE2A4BBE650002D193 /* BufferQueue.h */,
				74D439D52A4B02F800DC289B /* msx2gw.cpp */,
				74D439D62A4B02F800DC289B /* msx2gw.h */,
				74D439D92A4B0D3C00DC289B /* sha1.hpp */,
			);
			path = MSX2;
			sourceTree = "<group>";
		};
		743803142A4BBF7B00B2C3C5 /* Frameworks */ = {
			isa = PBXGroup;
			children = (
				743803172A4BBF9A00B2C3C5 /* CoreAudio.framework */,
				743803152A4BBF7B00B2C3C5 /* AudioToolbox.framework */,
			);
			name = Frameworks;
			sourceTree = "<group>";
		};
		749632AE2A4C104200B7559B /* app-objc */ = {
			isa = PBXGroup;
			children = (
				749632C92A4C180400B7559B /* roms */,
				749632AF2A4C104200B7559B /* AppDelegate.h */,
				749632B02A4C104200B7559B /* AppDelegate.m */,
				749632B22A4C104200B7559B /* SceneDelegate.h */,
				749632B32A4C104200B7559B /* SceneDelegate.m */,
				749632B52A4C104200B7559B /* ViewController.h */,
				749632B62A4C104200B7559B /* ViewController.m */,
				749632D22A4C1B2600B7559B /* MenuView.h */,
				749632D32A4C1B2600B7559B /* MenuView.m */,
				749632D52A4C1EE800B7559B /* VirtualPadView.h */,
				749632D62A4C1EE800B7559B /* VirtualPadView.m */,
				749632B82A4C104200B7559B /* Main.storyboard */,
				749632BB2A4C104400B7559B /* Assets.xcassets */,
				749632BD2A4C104400B7559B /* LaunchScreen.storyboard */,
				749632C02A4C104400B7559B /* Info.plist */,
				749632C12A4C104400B7559B /* main.m */,
			);
			path = "app-objc";
			sourceTree = "<group>";
		};
		749632C92A4C180400B7559B /* roms */ = {
			isa = PBXGroup;
			children = (
				74FCC6AF2A4D05D90079C4BD /* cbios_logo_msx2+.rom */,
				74FCC6B12A4D05D90079C4BD /* cbios_main_msx2+_jp.rom */,
				74FCC6B02A4D05D90079C4BD /* cbios_sub.rom */,
				74FCC6B22A4D05D90079C4BD /* game.rom */,
			);
			path = roms;
			sourceTree = "<group>";
		};
		74D439A92A4B01A200DC289B /* core */ = {
			isa = PBXGroup;
			children = (
				740413082A4C6D8D0048DFB8 /* ay8910.hpp */,
				740413072A4C6D8D0048DFB8 /* emu2413.c */,
				740413032A4C6D8C0048DFB8 /* emu2413.h */,
				740413002A4C6D8C0048DFB8 /* msx2.hpp */,
				740413012A4C6D8C0048DFB8 /* msx2clock.hpp */,
				740412FF2A4C6D8C0048DFB8 /* msx2def.h */,
				740413022A4C6D8C0048DFB8 /* msx2kanji.hpp */,
				740413092A4C6D8D0048DFB8 /* msx2mmu.hpp */,
				740413042A4C6D8D0048DFB8 /* scc.hpp */,
				7404130A2A4C6D8D0048DFB8 /* tc8566af.hpp */,
				740413052A4C6D8D0048DFB8 /* v9958.hpp */,
				740413062A4C6D8D0048DFB8 /* z80.hpp */,
			);
			path = core;
			sourceTree = "<group>";
		};
		74D439AA2A4B01C900DC289B /* lz4 */ = {
			isa = PBXGroup;
			children = (
				740413182A4C6D9A0048DFB8 /* lz4.c */,
				7404131A2A4C6D9A0048DFB8 /* lz4.h */,
				740413192A4C6D9A0048DFB8 /* lz4frame_static.h */,
				7404131C2A4C6D9A0048DFB8 /* lz4frame.c */,
				7404131F2A4C6D9A0048DFB8 /* lz4frame.h */,
				7404131B2A4C6D9A0048DFB8 /* lz4hc.c */,
				740413172A4C6D9A0048DFB8 /* lz4hc.h */,
				7404131E2A4C6D9A0048DFB8 /* xxhash.c */,
				7404131D2A4C6D9A0048DFB8 /* xxhash.h */,
			);
			path = lz4;
			sourceTree = "<group>";
		};
		74FCC6BC2A4FF04F0079C4BD /* app-swift */ = {
			isa = PBXGroup;
			children = (
				74FCC6D02A4FF4490079C4BD /* roms */,
				74FCC6BD2A4FF04F0079C4BD /* AppDelegate.swift */,
				74FCC6BF2A4FF04F0079C4BD /* SceneDelegate.swift */,
				74FCC6C12A4FF04F0079C4BD /* ViewController.swift */,
				74FCC6C32A4FF04F0079C4BD /* Main.storyboard */,
				74FCC6C62A4FF0520079C4BD /* Assets.xcassets */,
				74FCC6C82A4FF0520079C4BD /* LaunchScreen.storyboard */,
				74FCC6CB2A4FF0520079C4BD /* Info.plist */,
			);
			path = "app-swift";
			sourceTree = "<group>";
		};
		74FCC6D02A4FF4490079C4BD /* roms */ = {
			isa = PBXGroup;
			children = (
				74FCC6D12A4FF4730079C4BD /* cbios_logo_msx2+.rom */,
				74FCC6D32A4FF4730079C4BD /* cbios_main_msx2+_jp.rom */,
				74FCC6D22A4FF4730079C4BD /* cbios_sub.rom */,
				74FCC6D42A4FF4730079C4BD /* game.rom */,
			);
			path = roms;
			sourceTree = "<group>";
		};
/* End PBXGroup section */

/* Begin PBXHeadersBuildPhase section */
		741F134A2A4AD0EF001B057E /* Headers */ = {
			isa = PBXHeadersBuildPhase;
			buildActionMask = 2147483647;
			files = (
				740413102A4C6D8D0048DFB8 /* scc.hpp in Headers */,
				7405F0B82A4BAA2500D238FC /* MSX2View.h in Headers */,
				740413112A4C6D8D0048DFB8 /* v9958.hpp in Headers */,
				747420F02A4BBE650002D193 /* BufferQueue.h in Headers */,
				740413162A4C6D8D0048DFB8 /* tc8566af.hpp in Headers */,
				7404130D2A4C6D8D0048DFB8 /* msx2clock.hpp in Headers */,
				7404130B2A4C6D8D0048DFB8 /* msx2def.h in Headers */,
				7405F0BC2A4BB83100D238FC /* MSX2JoyPad.h in Headers */,
				747420EC2A4BBDF90002D193 /* sound-ios.h in Headers */,
				740413152A4C6D8D0048DFB8 /* msx2mmu.hpp in Headers */,
				7496B7342A4BA79000A37A12 /* MSX2CALayer.h in Headers */,
				740413232A4C6D9A0048DFB8 /* lz4.h in Headers */,
				74D439D82A4B02F800DC289B /* msx2gw.h in Headers */,
				740413282A4C6D9A0048DFB8 /* lz4frame.h in Headers */,
				74D439DE2A4B11DC00DC289B /* MSX2Core.h in Headers */,
				740413262A4C6D9A0048DFB8 /* xxhash.h in Headers */,
				740413142A4C6D8D0048DFB8 /* ay8910.hpp in Headers */,
				7404130C2A4C6D8D0048DFB8 /* msx2.hpp in Headers */,
				7404130E2A4C6D8D0048DFB8 /* msx2kanji.hpp in Headers */,
				741F13532A4AD0F0001B057E /* MSX2.h in Headers */,
				7404130F2A4C6D8D0048DFB8 /* emu2413.h in Headers */,
				740413222A4C6D9A0048DFB8 /* lz4frame_static.h in Headers */,
				740413202A4C6D9A0048DFB8 /* lz4hc.h in Headers */,
				740413122A4C6D8D0048DFB8 /* z80.hpp in Headers */,
			);
			runOnlyForDeploymentPostprocessing = 0;
		};
/* End PBXHeadersBuildPhase section */

/* Begin PBXNativeTarget section */
		741F134E2A4AD0EF001B057E /* MSX2 */ = {
			isa = PBXNativeTarget;
			buildConfigurationList = 741F13562A4AD0F0001B057E /* Build configuration list for PBXNativeTarget "MSX2" */;
			buildPhases = (
				741F134A2A4AD0EF001B057E /* Headers */,
				741F134B2A4AD0EF001B057E /* Sources */,
				741F134C2A4AD0EF001B057E /* Frameworks */,
				741F134D2A4AD0EF001B057E /* Resources */,
			);
			buildRules = (
			);
			dependencies = (
			);
			name = MSX2;
			productName = MSX2;
			productReference = 741F134F2A4AD0F0001B057E /* MSX2.framework */;
			productType = "com.apple.product-type.framework";
		};
		749632AC2A4C104200B7559B /* app-objc */ = {
			isa = PBXNativeTarget;
			buildConfigurationList = 749632C32A4C104400B7559B /* Build configuration list for PBXNativeTarget "app-objc" */;
			buildPhases = (
				749632A92A4C104200B7559B /* Sources */,
				749632AA2A4C104200B7559B /* Frameworks */,
				749632AB2A4C104200B7559B /* Resources */,
			);
			buildRules = (
			);
			dependencies = (
			);
			name = "app-objc";
			productName = "app-objc";
			productReference = 749632AD2A4C104200B7559B /* app-objc.app */;
			productType = "com.apple.product-type.application";
		};
		74FCC6BA2A4FF04F0079C4BD /* app-swift */ = {
			isa = PBXNativeTarget;
			buildConfigurationList = 74FCC6CC2A4FF0520079C4BD /* Build configuration list for PBXNativeTarget "app-swift" */;
			buildPhases = (
				74FCC6B72A4FF04F0079C4BD /* Sources */,
				74FCC6B82A4FF04F0079C4BD /* Frameworks */,
				74FCC6B92A4FF04F0079C4BD /* Resources */,
			);
			buildRules = (
			);
			dependencies = (
			);
			name = "app-swift";
			productName = "app-swift";
			productReference = 74FCC6BB2A4FF04F0079C4BD /* app-swift.app */;
			productType = "com.apple.product-type.application";
		};
/* End PBXNativeTarget section */

/* Begin PBXProject section */
		741F13462A4AD0EF001B057E /* Project object */ = {
			isa = PBXProject;
			attributes = {
				BuildIndependentTargetsInParallel = 1;
				LastSwiftUpdateCheck = 1430;
				LastUpgradeCheck = 1430;
				TargetAttributes = {
					741F134E2A4AD0EF001B057E = {
						CreatedOnToolsVersion = 14.3.1;
						LastSwiftMigration = 1430;
					};
					749632AC2A4C104200B7559B = {
						CreatedOnToolsVersion = 14.3.1;
					};
					74FCC6BA2A4FF04F0079C4BD = {
						CreatedOnToolsVersion = 14.3.1;
					};
				};
			};
			buildConfigurationList = 741F13492A4AD0EF001B057E /* Build configuration list for PBXProject "MSX2" */;
			compatibilityVersion = "Xcode 14.0";
			developmentRegion = en;
			hasScannedForEncodings = 0;
			knownRegions = (
				en,
				Base,
			);
			mainGroup = 741F13452A4AD0EF001B057E;
			productRefGroup = 741F13502A4AD0F0001B057E /* Products */;
			projectDirPath = "";
			projectRoot = "";
			targets = (
				741F134E2A4AD0EF001B057E /* MSX2 */,
				749632AC2A4C104200B7559B /* app-objc */,
				74FCC6BA2A4FF04F0079C4BD /* app-swift */,
			);
		};
/* End PBXProject section */

/* Begin PBXResourcesBuildPhase section */
		741F134D2A4AD0EF001B057E /* Resources */ = {
			isa = PBXResourcesBuildPhase;
			buildActionMask = 2147483647;
			files = (
			);
			runOnlyForDeploymentPostprocessing = 0;
		};
		749632AB2A4C104200B7559B /* Resources */ = {
			isa = PBXResourcesBuildPhase;
			buildActionMask = 2147483647;
			files = (
				74FCC6B62A4D06770079C4BD /* cbios_sub.rom in Resources */,
				74FCC6B42A4D06770079C4BD /* cbios_logo_msx2+.rom in Resources */,
				749632BF2A4C104400B7559B /* LaunchScreen.storyboard in Resources */,
				74FCC6B52A4D06770079C4BD /* cbios_main_msx2+_jp.rom in Resources */,
				749632BC2A4C104400B7559B /* Assets.xcassets in Resources */,
				74FCC6B32A4D06770079C4BD /* game.rom in Resources */,
				749632BA2A4C104200B7559B /* Main.storyboard in Resources */,
			);
			runOnlyForDeploymentPostprocessing = 0;
		};
		74FCC6B92A4FF04F0079C4BD /* Resources */ = {
			isa = PBXResourcesBuildPhase;
			buildActionMask = 2147483647;
			files = (
				74FCC6D52A4FF4730079C4BD /* cbios_logo_msx2+.rom in Resources */,
				74FCC6D62A4FF4730079C4BD /* cbios_sub.rom in Resources */,
				74FCC6D72A4FF4730079C4BD /* cbios_main_msx2+_jp.rom in Resources */,
				74FCC6D82A4FF4730079C4BD /* game.rom in Resources */,
				74FCC6CA2A4FF0520079C4BD /* LaunchScreen.storyboard in Resources */,
				74FCC6C72A4FF0520079C4BD /* Assets.xcassets in Resources */,
				74FCC6C52A4FF04F0079C4BD /* Main.storyboard in Resources */,
			);
			runOnlyForDeploymentPostprocessing = 0;
		};
/* End PBXResourcesBuildPhase section */

/* Begin PBXSourcesBuildPhase section */
		741F134B2A4AD0EF001B057E /* Sources */ = {
			isa = PBXSourcesBuildPhase;
			buildActionMask = 2147483647;
			files = (
				74D439D72A4B02F800DC289B /* msx2gw.cpp in Sources */,
				740413272A4C6D9A0048DFB8 /* xxhash.c in Sources */,
				7405F0BD2A4BB83100D238FC /* MSX2JoyPad.m in Sources */,
				740413252A4C6D9A0048DFB8 /* lz4frame.c in Sources */,
				7496B7352A4BA79000A37A12 /* MSX2CALayer.m in Sources */,
				740413242A4C6D9A0048DFB8 /* lz4hc.c in Sources */,
				740413132A4C6D8D0048DFB8 /* emu2413.c in Sources */,
				7405F0B92A4BAA2500D238FC /* MSX2View.m in Sources */,
				74D439DF2A4B11DC00DC289B /* MSX2Core.m in Sources */,
				740413212A4C6D9A0048DFB8 /* lz4.c in Sources */,
				747420EF2A4BBE650002D193 /* BufferQueue.cpp in Sources */,
				747420EB2A4BBDF90002D193 /* sound-ios.cpp in Sources */,
			);
			runOnlyForDeploymentPostprocessing = 0;
		};
		749632A92A4C104200B7559B /* Sources */ = {
			isa = PBXSourcesBuildPhase;
			buildActionMask = 2147483647;
			files = (
				749632B72A4C104200B7559B /* ViewController.m in Sources */,
				749632B12A4C104200B7559B /* AppDelegate.m in Sources */,
				749632D72A4C1EE800B7559B /* VirtualPadView.m in Sources */,
				749632C22A4C104400B7559B /* main.m in Sources */,
				749632B42A4C104200B7559B /* SceneDelegate.m in Sources */,
				749632D42A4C1B2600B7559B /* MenuView.m in Sources */,
			);
			runOnlyForDeploymentPostprocessing = 0;
		};
		74FCC6B72A4FF04F0079C4BD /* Sources */ = {
			isa = PBXSourcesBuildPhase;
			buildActionMask = 2147483647;
			files = (
				74FCC6C22A4FF04F0079C4BD /* ViewController.swift in Sources */,
				74FCC6BE2A4FF04F0079C4BD /* AppDelegate.swift in Sources */,
				74FCC6C02A4FF04F0079C4BD /* SceneDelegate.swift in Sources */,
			);
			runOnlyForDeploymentPostprocessing = 0;
		};
/* End PBXSourcesBuildPhase section */

/* Begin PBXVariantGroup section */
		749632B82A4C104200B7559B /* Main.storyboard */ = {
			isa = PBXVariantGroup;
			children = (
				749632B92A4C104200B7559B /* Base */,
			);
			name = Main.storyboard;
			sourceTree = "<group>";
		};
		749632BD2A4C104400B7559B /* LaunchScreen.storyboard */ = {
			isa = PBXVariantGroup;
			children = (
				749632BE2A4C104400B7559B /* Base */,
			);
			name = LaunchScreen.storyboard;
			sourceTree = "<group>";
		};
		74FCC6C32A4FF04F0079C4BD /* Main.storyboard */ = {
			isa = PBXVariantGroup;
			children = (
				74FCC6C42A4FF04F0079C4BD /* Base */,
			);
			name = Main.storyboard;
			sourceTree = "<group>";
		};
		74FCC6C82A4FF0520079C4BD /* LaunchScreen.storyboard */ = {
			isa = PBXVariantGroup;
			children = (
				74FCC6C92A4FF0520079C4BD /* Base */,
			);
			name = LaunchScreen.storyboard;
			sourceTree = "<group>";
		};
/* End PBXVariantGroup section */

/* Begin XCBuildConfiguration section */
		741F13542A4AD0F0001B057E /* Debug */ = {
			isa = XCBuildConfiguration;
			buildSettings = {
				ALWAYS_SEARCH_USER_PATHS = NO;
				CLANG_ANALYZER_NONNULL = YES;
				CLANG_ANALYZER_NUMBER_OBJECT_CONVERSION = YES_AGGRESSIVE;
				CLANG_CXX_LANGUAGE_STANDARD = "gnu++20";
				CLANG_ENABLE_MODULES = YES;
				CLANG_ENABLE_OBJC_ARC = YES;
				CLANG_ENABLE_OBJC_WEAK = YES;
				CLANG_WARN_BLOCK_CAPTURE_AUTORELEASING = YES;
				CLANG_WARN_BOOL_CONVERSION = YES;
				CLANG_WARN_COMMA = YES;
				CLANG_WARN_CONSTANT_CONVERSION = YES;
				CLANG_WARN_DEPRECATED_OBJC_IMPLEMENTATIONS = YES;
				CLANG_WARN_DIRECT_OBJC_ISA_USAGE = YES_ERROR;
				CLANG_WARN_DOCUMENTATION_COMMENTS = YES;
				CLANG_WARN_EMPTY_BODY = YES;
				CLANG_WARN_ENUM_CONVERSION = YES;
				CLANG_WARN_INFINITE_RECURSION = YES;
				CLANG_WARN_INT_CONVERSION = YES;
				CLANG_WARN_NON_LITERAL_NULL_CONVERSION = YES;
				CLANG_WARN_OBJC_IMPLICIT_RETAIN_SELF = YES;
				CLANG_WARN_OBJC_LITERAL_CONVERSION = YES;
				CLANG_WARN_OBJC_ROOT_CLASS = YES_ERROR;
				CLANG_WARN_QUOTED_INCLUDE_IN_FRAMEWORK_HEADER = YES;
				CLANG_WARN_RANGE_LOOP_ANALYSIS = YES;
				CLANG_WARN_STRICT_PROTOTYPES = YES;
				CLANG_WARN_SUSPICIOUS_MOVE = YES;
				CLANG_WARN_UNGUARDED_AVAILABILITY = YES_AGGRESSIVE;
				CLANG_WARN_UNREACHABLE_CODE = YES;
				CLANG_WARN__DUPLICATE_METHOD_MATCH = YES;
				COPY_PHASE_STRIP = NO;
				CURRENT_PROJECT_VERSION = 1;
				DEBUG_INFORMATION_FORMAT = dwarf;
				ENABLE_STRICT_OBJC_MSGSEND = YES;
				ENABLE_TESTABILITY = YES;
				GCC_C_LANGUAGE_STANDARD = gnu11;
				GCC_DYNAMIC_NO_PIC = NO;
				GCC_NO_COMMON_BLOCKS = YES;
				GCC_OPTIMIZATION_LEVEL = 0;
				GCC_PREPROCESSOR_DEFINITIONS = (
					"DEBUG=1",
					"$(inherited)",
				);
				GCC_WARN_64_TO_32_BIT_CONVERSION = YES;
				GCC_WARN_ABOUT_RETURN_TYPE = YES_ERROR;
				GCC_WARN_UNDECLARED_SELECTOR = YES;
				GCC_WARN_UNINITIALIZED_AUTOS = YES_AGGRESSIVE;
				GCC_WARN_UNUSED_FUNCTION = YES;
				GCC_WARN_UNUSED_VARIABLE = YES;
				IPHONEOS_DEPLOYMENT_TARGET = 16.4;
				MTL_ENABLE_DEBUG_INFO = INCLUDE_SOURCE;
				MTL_FAST_MATH = YES;
				ONLY_ACTIVE_ARCH = YES;
				SDKROOT = iphoneos;
				VERSIONING_SYSTEM = "apple-generic";
				VERSION_INFO_PREFIX = "";
			};
			name = Debug;
		};
		741F13552A4AD0F0001B057E /* Release */ = {
			isa = XCBuildConfiguration;
			buildSettings = {
				ALWAYS_SEARCH_USER_PATHS = NO;
				CLANG_ANALYZER_NONNULL = YES;
				CLANG_ANALYZER_NUMBER_OBJECT_CONVERSION = YES_AGGRESSIVE;
				CLANG_CXX_LANGUAGE_STANDARD = "gnu++20";
				CLANG_ENABLE_MODULES = YES;
				CLANG_ENABLE_OBJC_ARC = YES;
				CLANG_ENABLE_OBJC_WEAK = YES;
				CLANG_WARN_BLOCK_CAPTURE_AUTORELEASING = YES;
				CLANG_WARN_BOOL_CONVERSION = YES;
				CLANG_WARN_COMMA = YES;
				CLANG_WARN_CONSTANT_CONVERSION = YES;
				CLANG_WARN_DEPRECATED_OBJC_IMPLEMENTATIONS = YES;
				CLANG_WARN_DIRECT_OBJC_ISA_USAGE = YES_ERROR;
				CLANG_WARN_DOCUMENTATION_COMMENTS = YES;
				CLANG_WARN_EMPTY_BODY = YES;
				CLANG_WARN_ENUM_CONVERSION = YES;
				CLANG_WARN_INFINITE_RECURSION = YES;
				CLANG_WARN_INT_CONVERSION = YES;
				CLANG_WARN_NON_LITERAL_NULL_CONVERSION = YES;
				CLANG_WARN_OBJC_IMPLICIT_RETAIN_SELF = YES;
				CLANG_WARN_OBJC_LITERAL_CONVERSION = YES;
				CLANG_WARN_OBJC_ROOT_CLASS = YES_ERROR;
				CLANG_WARN_QUOTED_INCLUDE_IN_FRAMEWORK_HEADER = YES;
				CLANG_WARN_RANGE_LOOP_ANALYSIS = YES;
				CLANG_WARN_STRICT_PROTOTYPES = YES;
				CLANG_WARN_SUSPICIOUS_MOVE = YES;
				CLANG_WARN_UNGUARDED_AVAILABILITY = YES_AGGRESSIVE;
				CLANG_WARN_UNREACHABLE_CODE = YES;
				CLANG_WARN__DUPLICATE_METHOD_MATCH = YES;
				COPY_PHASE_STRIP = NO;
				CURRENT_PROJECT_VERSION = 1;
				DEBUG_INFORMATION_FORMAT = "dwarf-with-dsym";
				ENABLE_NS_ASSERTIONS = NO;
				ENABLE_STRICT_OBJC_MSGSEND = YES;
				GCC_C_LANGUAGE_STANDARD = gnu11;
				GCC_NO_COMMON_BLOCKS = YES;
				GCC_WARN_64_TO_32_BIT_CONVERSION = YES;
				GCC_WARN_ABOUT_RETURN_TYPE = YES_ERROR;
				GCC_WARN_UNDECLARED_SELECTOR = YES;
				GCC_WARN_UNINITIALIZED_AUTOS = YES_AGGRESSIVE;
				GCC_WARN_UNUSED_FUNCTION = YES;
				GCC_WARN_UNUSED_VARIABLE = YES;
				IPHONEOS_DEPLOYMENT_TARGET = 16.4;
				MTL_ENABLE_DEBUG_INFO = NO;
				MTL_FAST_MATH = YES;
				SDKROOT = iphoneos;
				VALIDATE_PRODUCT = YES;
				VERSIONING_SYSTEM = "apple-generic";
				VERSION_INFO_PREFIX = "";
			};
			name = Release;
		};
		741F13572A4AD0F0001B057E /* Debug */ = {
			isa = XCBuildConfiguration;
			buildSettings = {
				CLANG_ALLOW_NON_MODULAR_INCLUDES_IN_FRAMEWORK_MODULES = NO;
				CLANG_ENABLE_MODULES = YES;
				CODE_SIGN_STYLE = Automatic;
				CURRENT_PROJECT_VERSION = 1;
				DEFINES_MODULE = YES;
				DYLIB_COMPATIBILITY_VERSION = 1;
				DYLIB_CURRENT_VERSION = 1;
				DYLIB_INSTALL_NAME_BASE = "@rpath";
				ENABLE_MODULE_VERIFIER = YES;
				GENERATE_INFOPLIST_FILE = YES;
				INFOPLIST_KEY_NSHumanReadableCopyright = "";
				INSTALL_PATH = "$(LOCAL_LIBRARY_DIR)/Frameworks";
				LD_RUNPATH_SEARCH_PATHS = (
					"$(inherited)",
					"@executable_path/Frameworks",
					"@loader_path/Frameworks",
				);
				MARKETING_VERSION = 1.0;
				MODULE_VERIFIER_SUPPORTED_LANGUAGES = "objective-c objective-c++";
				MODULE_VERIFIER_SUPPORTED_LANGUAGE_STANDARDS = "gnu11 gnu++20";
				PRODUCT_BUNDLE_IDENTIFIER = com.suzukiplan.msx2;
				PRODUCT_NAME = "$(TARGET_NAME:c99extidentifier)";
				SKIP_INSTALL = YES;
				SWIFT_EMIT_LOC_STRINGS = YES;
				SWIFT_OPTIMIZATION_LEVEL = "-Onone";
				SWIFT_VERSION = 5.0;
				TARGETED_DEVICE_FAMILY = "1,2";
			};
			name = Debug;
		};
		741F13582A4AD0F0001B057E /* Release */ = {
			isa = XCBuildConfiguration;
			buildSettings = {
				CLANG_ALLOW_NON_MODULAR_INCLUDES_IN_FRAMEWORK_MODULES = NO;
				CLANG_ENABLE_MODULES = YES;
				CODE_SIGN_STYLE = Automatic;
				CURRENT_PROJECT_VERSION = 1;
				DEFINES_MODULE = YES;
				DYLIB_COMPATIBILITY_VERSION = 1;
				DYLIB_CURRENT_VERSION = 1;
				DYLIB_INSTALL_NAME_BASE = "@rpath";
				ENABLE_MODULE_VERIFIER = YES;
				GENERATE_INFOPLIST_FILE = YES;
				INFOPLIST_KEY_NSHumanReadableCopyright = "";
				INSTALL_PATH = "$(LOCAL_LIBRARY_DIR)/Frameworks";
				LD_RUNPATH_SEARCH_PATHS = (
					"$(inherited)",
					"@executable_path/Frameworks",
					"@loader_path/Frameworks",
				);
				MARKETING_VERSION = 1.0;
				MODULE_VERIFIER_SUPPORTED_LANGUAGES = "objective-c objective-c++";
				MODULE_VERIFIER_SUPPORTED_LANGUAGE_STANDARDS = "gnu11 gnu++20";
				PRODUCT_BUNDLE_IDENTIFIER = com.suzukiplan.msx2;
				PRODUCT_NAME = "$(TARGET_NAME:c99extidentifier)";
				SKIP_INSTALL = YES;
				SWIFT_EMIT_LOC_STRINGS = YES;
				SWIFT_VERSION = 5.0;
				TARGETED_DEVICE_FAMILY = "1,2";
			};
			name = Release;
		};
		749632C42A4C104400B7559B /* Debug */ = {
			isa = XCBuildConfiguration;
			buildSettings = {
				ASSETCATALOG_COMPILER_APPICON_NAME = AppIcon;
				ASSETCATALOG_COMPILER_GLOBAL_ACCENT_COLOR_NAME = AccentColor;
				CODE_SIGN_STYLE = Automatic;
				CURRENT_PROJECT_VERSION = 1;
				GENERATE_INFOPLIST_FILE = YES;
				INFOPLIST_FILE = "app-objc/Info.plist";
				INFOPLIST_KEY_UIApplicationSupportsIndirectInputEvents = YES;
				INFOPLIST_KEY_UILaunchStoryboardName = LaunchScreen;
				INFOPLIST_KEY_UIMainStoryboardFile = Main;
				INFOPLIST_KEY_UIRequiresFullScreen = YES;
				INFOPLIST_KEY_UIStatusBarStyle = UIStatusBarStyleDarkContent;
				INFOPLIST_KEY_UISupportedInterfaceOrientations = "UIInterfaceOrientationPortrait UIInterfaceOrientationPortraitUpsideDown";
				LD_RUNPATH_SEARCH_PATHS = (
					"$(inherited)",
					"@executable_path/Frameworks",
				);
				MARKETING_VERSION = 1.0;
				PRODUCT_BUNDLE_IDENTIFIER = "com.suzukiplan.msx2.app-objc";
				PRODUCT_NAME = "$(TARGET_NAME)";
				SUPPORTED_PLATFORMS = "iphoneos iphonesimulator";
				SUPPORTS_MACCATALYST = NO;
				SUPPORTS_MAC_DESIGNED_FOR_IPHONE_IPAD = NO;
				SWIFT_EMIT_LOC_STRINGS = YES;
				TARGETED_DEVICE_FAMILY = 1;
			};
			name = Debug;
		};
		749632C52A4C104400B7559B /* Release */ = {
			isa = XCBuildConfiguration;
			buildSettings = {
				ASSETCATALOG_COMPILER_APPICON_NAME = AppIcon;
				ASSETCATALOG_COMPILER_GLOBAL_ACCENT_COLOR_NAME = AccentColor;
				CODE_SIGN_STYLE = Automatic;
				CURRENT_PROJECT_VERSION = 1;
				GENERATE_INFOPLIST_FILE = YES;
				INFOPLIST_FILE = "app-objc/Info.plist";
				INFOPLIST_KEY_UIApplicationSupportsIndirectInputEvents = YES;
				INFOPLIST_KEY_UILaunchStoryboardName = LaunchScreen;
				INFOPLIST_KEY_UIMainStoryboardFile = Main;
				INFOPLIST_KEY_UIRequiresFullScreen = YES;
				INFOPLIST_KEY_UIStatusBarStyle = UIStatusBarStyleDarkContent;
				INFOPLIST_KEY_UISupportedInterfaceOrientations = "UIInterfaceOrientationPortrait UIInterfaceOrientationPortraitUpsideDown";
				LD_RUNPATH_SEARCH_PATHS = (
					"$(inherited)",
					"@executable_path/Frameworks",
				);
				MARKETING_VERSION = 1.0;
				PRODUCT_BUNDLE_IDENTIFIER = "com.suzukiplan.msx2.app-objc";
				PRODUCT_NAME = "$(TARGET_NAME)";
				SUPPORTED_PLATFORMS = "iphoneos iphonesimulator";
				SUPPORTS_MACCATALYST = NO;
				SUPPORTS_MAC_DESIGNED_FOR_IPHONE_IPAD = NO;
				SWIFT_EMIT_LOC_STRINGS = YES;
				TARGETED_DEVICE_FAMILY = 1;
			};
			name = Release;
		};
		74FCC6CD2A4FF0520079C4BD /* Debug */ = {
			isa = XCBuildConfiguration;
			buildSettings = {
				ASSETCATALOG_COMPILER_APPICON_NAME = AppIcon;
				ASSETCATALOG_COMPILER_GLOBAL_ACCENT_COLOR_NAME = AccentColor;
				CODE_SIGN_STYLE = Automatic;
				CURRENT_PROJECT_VERSION = 1;
				GENERATE_INFOPLIST_FILE = YES;
				INFOPLIST_FILE = "app-swift/Info.plist";
				INFOPLIST_KEY_UIApplicationSupportsIndirectInputEvents = YES;
				INFOPLIST_KEY_UILaunchStoryboardName = LaunchScreen;
				INFOPLIST_KEY_UIMainStoryboardFile = Main;
				INFOPLIST_KEY_UISupportedInterfaceOrientations_iPad = "UIInterfaceOrientationPortrait UIInterfaceOrientationPortraitUpsideDown UIInterfaceOrientationLandscapeLeft UIInterfaceOrientationLandscapeRight";
				INFOPLIST_KEY_UISupportedInterfaceOrientations_iPhone = "UIInterfaceOrientationPortrait UIInterfaceOrientationLandscapeLeft UIInterfaceOrientationLandscapeRight";
				LD_RUNPATH_SEARCH_PATHS = (
					"$(inherited)",
					"@executable_path/Frameworks",
				);
				MARKETING_VERSION = 1.0;
				PRODUCT_BUNDLE_IDENTIFIER = "com.suzukiplan.msx2.app-swift";
				PRODUCT_NAME = "$(TARGET_NAME)";
				SWIFT_ACTIVE_COMPILATION_CONDITIONS = DEBUG;
				SWIFT_EMIT_LOC_STRINGS = YES;
				SWIFT_OPTIMIZATION_LEVEL = "-Onone";
				SWIFT_VERSION = 5.0;
				TARGETED_DEVICE_FAMILY = "1,2";
			};
			name = Debug;
		};
		74FCC6CE2A4FF0520079C4BD /* Release */ = {
			isa = XCBuildConfiguration;
			buildSettings = {
				ASSETCATALOG_COMPILER_APPICON_NAME = AppIcon;
				ASSETCATALOG_COMPILER_GLOBAL_ACCENT_COLOR_NAME = AccentColor;
				CODE_SIGN_STYLE = Automatic;
				CURRENT_PROJECT_VERSION = 1;
				GENERATE_INFOPLIST_FILE = YES;
				INFOPLIST_FILE = "app-swift/Info.plist";
				INFOPLIST_KEY_UIApplicationSupportsIndirectInputEvents = YES;
				INFOPLIST_KEY_UILaunchStoryboardName = LaunchScreen;
				INFOPLIST_KEY_UIMainStoryboardFile = Main;
				INFOPLIST_KEY_UISupportedInterfaceOrientations_iPad = "UIInterfaceOrientationPortrait UIInterfaceOrientationPortraitUpsideDown UIInterfaceOrientationLandscapeLeft UIInterfaceOrientationLandscapeRight";
				INFOPLIST_KEY_UISupportedInterfaceOrientations_iPhone = "UIInterfaceOrientationPortrait UIInterfaceOrientationLandscapeLeft UIInterfaceOrientationLandscapeRight";
				LD_RUNPATH_SEARCH_PATHS = (
					"$(inherited)",
					"@executable_path/Frameworks",
				);
				MARKETING_VERSION = 1.0;
				PRODUCT_BUNDLE_IDENTIFIER = "com.suzukiplan.msx2.app-swift";
				PRODUCT_NAME = "$(TARGET_NAME)";
				SWIFT_COMPILATION_MODE = wholemodule;
				SWIFT_EMIT_LOC_STRINGS = YES;
				SWIFT_OPTIMIZATION_LEVEL = "-O";
				SWIFT_VERSION = 5.0;
				TARGETED_DEVICE_FAMILY = "1,2";
			};
			name = Release;
		};
/* End XCBuildConfiguration section */

/* Begin XCConfigurationList section */
		741F13492A4AD0EF001B057E /* Build configuration list for PBXProject "MSX2" */ = {
			isa = XCConfigurationList;
			buildConfigurations = (
				741F13542A4AD0F0001B057E /* Debug */,
				741F13552A4AD0F0001B057E /* Release */,
			);
			defaultConfigurationIsVisible = 0;
			defaultConfigurationName = Release;
		};
		741F13562A4AD0F0001B057E /* Build configuration list for PBXNativeTarget "MSX2" */ = {
			isa = XCConfigurationList;
			buildConfigurations = (
				741F13572A4AD0F0001B057E /* Debug */,
				741F13582A4AD0F0001B057E /* Release */,
			);
			defaultConfigurationIsVisible = 0;
			defaultConfigurationName = Release;
		};
		749632C32A4C104400B7559B /* Build configuration list for PBXNativeTarget "app-objc" */ = {
			isa = XCConfigurationList;
			buildConfigurations = (
				749632C42A4C104400B7559B /* Debug */,
				749632C52A4C104400B7559B /* Release */,
			);
			defaultConfigurationIsVisible = 0;
			defaultConfigurationName = Release;
		};
		74FCC6CC2A4FF0520079C4BD /* Build configuration list for PBXNativeTarget "app-swift" */ = {
			isa = XCConfigurationList;
			buildConfigurations = (
				74FCC6CD2A4FF0520079C4BD /* Debug */,
				74FCC6CE2A4FF0520079C4BD /* Release */,
			);
			defaultConfigurationIsVisible = 0;
			defaultConfigurationName = Release;
		};
/* End XCConfigurationList section */
	};
	rootObject = 741F13462A4AD0EF001B057E /* Project object */;
}
