// !$*UTF8*$!
{
	archiveVersion = 1;
	classes = {
	};
	objectVersion = 56;
	objects = {

/* Begin PBXBuildFile section */
		7405F0B82A4BAA2500D238FC /* MSX2View.h in Headers */ = {isa = PBXBuildFile; fileRef = 7405F0B62A4BAA2500D238FC /* MSX2View.h */; settings = {ATTRIBUTES = (Public, ); }; };
		7405F0B92A4BAA2500D238FC /* MSX2View.m in Sources */ = {isa = PBXBuildFile; fileRef = 7405F0B72A4BAA2500D238FC /* MSX2View.m */; };
		7405F0BC2A4BB83100D238FC /* MSX2JoyPad.h in Headers */ = {isa = PBXBuildFile; fileRef = 7405F0BA2A4BB83100D238FC /* MSX2JoyPad.h */; settings = {ATTRIBUTES = (Public, ); }; };
		7405F0BD2A4BB83100D238FC /* MSX2JoyPad.m in Sources */ = {isa = PBXBuildFile; fileRef = 7405F0BB2A4BB83100D238FC /* MSX2JoyPad.m */; };
		741F13532A4AD0F0001B057E /* msx2.h in Headers */ = {isa = PBXBuildFile; fileRef = 741F13522A4AD0F0001B057E /* msx2.h */; settings = {ATTRIBUTES = (Public, ); }; };
		743803162A4BBF7C00B2C3C5 /* AudioToolbox.framework in Frameworks */ = {isa = PBXBuildFile; fileRef = 743803152A4BBF7B00B2C3C5 /* AudioToolbox.framework */; };
		743803182A4BBF9A00B2C3C5 /* CoreAudio.framework in Frameworks */ = {isa = PBXBuildFile; fileRef = 743803172A4BBF9A00B2C3C5 /* CoreAudio.framework */; };
		747420EB2A4BBDF90002D193 /* sound-ios.cpp in Sources */ = {isa = PBXBuildFile; fileRef = 747420E92A4BBDF90002D193 /* sound-ios.cpp */; };
		747420EC2A4BBDF90002D193 /* sound-ios.h in Headers */ = {isa = PBXBuildFile; fileRef = 747420EA2A4BBDF90002D193 /* sound-ios.h */; };
		747420EF2A4BBE650002D193 /* BufferQueue.cpp in Sources */ = {isa = PBXBuildFile; fileRef = 747420ED2A4BBE650002D193 /* BufferQueue.cpp */; };
		747420F02A4BBE650002D193 /* BufferQueue.h in Headers */ = {isa = PBXBuildFile; fileRef = 747420EE2A4BBE650002D193 /* BufferQueue.h */; };
		7496B7342A4BA79000A37A12 /* MSX2CALayer.h in Headers */ = {isa = PBXBuildFile; fileRef = 7496B7322A4BA79000A37A12 /* MSX2CALayer.h */; };
		7496B7352A4BA79000A37A12 /* MSX2CALayer.m in Sources */ = {isa = PBXBuildFile; fileRef = 7496B7332A4BA79000A37A12 /* MSX2CALayer.m */; };
		74D4399E2A4B00AD00DC289B /* appApp.swift in Sources */ = {isa = PBXBuildFile; fileRef = 74D4399D2A4B00AD00DC289B /* appApp.swift */; };
		74D439A02A4B00AD00DC289B /* ContentView.swift in Sources */ = {isa = PBXBuildFile; fileRef = 74D4399F2A4B00AD00DC289B /* ContentView.swift */; };
		74D439A22A4B00AF00DC289B /* Assets.xcassets in Resources */ = {isa = PBXBuildFile; fileRef = 74D439A12A4B00AF00DC289B /* Assets.xcassets */; };
		74D439A52A4B00AF00DC289B /* Preview Assets.xcassets in Resources */ = {isa = PBXBuildFile; fileRef = 74D439A42A4B00AF00DC289B /* Preview Assets.xcassets */; };
		74D439B72A4B01E300DC289B /* emu2413.c in Sources */ = {isa = PBXBuildFile; fileRef = 74D439AB2A4B01E200DC289B /* emu2413.c */; };
		74D439B82A4B01E300DC289B /* scc.hpp in Headers */ = {isa = PBXBuildFile; fileRef = 74D439AC2A4B01E200DC289B /* scc.hpp */; };
		74D439B92A4B01E300DC289B /* tc8566af.hpp in Headers */ = {isa = PBXBuildFile; fileRef = 74D439AD2A4B01E200DC289B /* tc8566af.hpp */; };
		74D439BA2A4B01E300DC289B /* v9958.hpp in Headers */ = {isa = PBXBuildFile; fileRef = 74D439AE2A4B01E200DC289B /* v9958.hpp */; };
		74D439BB2A4B01E300DC289B /* z80.hpp in Headers */ = {isa = PBXBuildFile; fileRef = 74D439AF2A4B01E300DC289B /* z80.hpp */; };
		74D439BC2A4B01E300DC289B /* emu2413.h in Headers */ = {isa = PBXBuildFile; fileRef = 74D439B02A4B01E300DC289B /* emu2413.h */; };
		74D439BD2A4B01E300DC289B /* msx2def.h in Headers */ = {isa = PBXBuildFile; fileRef = 74D439B12A4B01E300DC289B /* msx2def.h */; settings = {ATTRIBUTES = (Public, ); }; };
		74D439BE2A4B01E300DC289B /* ay8910.hpp in Headers */ = {isa = PBXBuildFile; fileRef = 74D439B22A4B01E300DC289B /* ay8910.hpp */; };
		74D439BF2A4B01E300DC289B /* msx2clock.hpp in Headers */ = {isa = PBXBuildFile; fileRef = 74D439B32A4B01E300DC289B /* msx2clock.hpp */; };
		74D439C02A4B01E300DC289B /* msx2.hpp in Headers */ = {isa = PBXBuildFile; fileRef = 74D439B42A4B01E300DC289B /* msx2.hpp */; };
		74D439C12A4B01E300DC289B /* msx2mmu.hpp in Headers */ = {isa = PBXBuildFile; fileRef = 74D439B52A4B01E300DC289B /* msx2mmu.hpp */; };
		74D439C22A4B01E300DC289B /* msx2kanji.hpp in Headers */ = {isa = PBXBuildFile; fileRef = 74D439B62A4B01E300DC289B /* msx2kanji.hpp */; };
		74D439CC2A4B01F900DC289B /* xxhash.h in Headers */ = {isa = PBXBuildFile; fileRef = 74D439C32A4B01F900DC289B /* xxhash.h */; };
		74D439CD2A4B01F900DC289B /* lz4.c in Sources */ = {isa = PBXBuildFile; fileRef = 74D439C42A4B01F900DC289B /* lz4.c */; };
		74D439CE2A4B01F900DC289B /* xxhash.c in Sources */ = {isa = PBXBuildFile; fileRef = 74D439C52A4B01F900DC289B /* xxhash.c */; };
		74D439CF2A4B01F900DC289B /* lz4hc.c in Sources */ = {isa = PBXBuildFile; fileRef = 74D439C62A4B01F900DC289B /* lz4hc.c */; };
		74D439D02A4B01F900DC289B /* lz4.h in Headers */ = {isa = PBXBuildFile; fileRef = 74D439C72A4B01F900DC289B /* lz4.h */; };
		74D439D12A4B01F900DC289B /* lz4frame.c in Sources */ = {isa = PBXBuildFile; fileRef = 74D439C82A4B01F900DC289B /* lz4frame.c */; };
		74D439D22A4B01F900DC289B /* lz4hc.h in Headers */ = {isa = PBXBuildFile; fileRef = 74D439C92A4B01F900DC289B /* lz4hc.h */; };
		74D439D32A4B01F900DC289B /* lz4frame.h in Headers */ = {isa = PBXBuildFile; fileRef = 74D439CA2A4B01F900DC289B /* lz4frame.h */; };
		74D439D42A4B01F900DC289B /* lz4frame_static.h in Headers */ = {isa = PBXBuildFile; fileRef = 74D439CB2A4B01F900DC289B /* lz4frame_static.h */; };
		74D439D72A4B02F800DC289B /* msx2gw.cpp in Sources */ = {isa = PBXBuildFile; fileRef = 74D439D52A4B02F800DC289B /* msx2gw.cpp */; };
		74D439D82A4B02F800DC289B /* msx2gw.h in Headers */ = {isa = PBXBuildFile; fileRef = 74D439D62A4B02F800DC289B /* msx2gw.h */; };
		74D439DE2A4B11DC00DC289B /* MSX2Core.h in Headers */ = {isa = PBXBuildFile; fileRef = 74D439DC2A4B11DC00DC289B /* MSX2Core.h */; settings = {ATTRIBUTES = (Public, ); }; };
		74D439DF2A4B11DC00DC289B /* MSX2Core.m in Sources */ = {isa = PBXBuildFile; fileRef = 74D439DD2A4B11DC00DC289B /* MSX2Core.m */; };
/* End PBXBuildFile section */

/* Begin PBXFileReference section */
		7405F0B62A4BAA2500D238FC /* MSX2View.h */ = {isa = PBXFileReference; lastKnownFileType = sourcecode.c.h; path = MSX2View.h; sourceTree = "<group>"; };
		7405F0B72A4BAA2500D238FC /* MSX2View.m */ = {isa = PBXFileReference; lastKnownFileType = sourcecode.c.objc; path = MSX2View.m; sourceTree = "<group>"; };
		7405F0BA2A4BB83100D238FC /* MSX2JoyPad.h */ = {isa = PBXFileReference; lastKnownFileType = sourcecode.c.h; path = MSX2JoyPad.h; sourceTree = "<group>"; };
		7405F0BB2A4BB83100D238FC /* MSX2JoyPad.m */ = {isa = PBXFileReference; lastKnownFileType = sourcecode.c.objc; path = MSX2JoyPad.m; sourceTree = "<group>"; };
		741F134F2A4AD0F0001B057E /* msx2.framework */ = {isa = PBXFileReference; explicitFileType = wrapper.framework; includeInIndex = 0; path = msx2.framework; sourceTree = BUILT_PRODUCTS_DIR; };
		741F13522A4AD0F0001B057E /* msx2.h */ = {isa = PBXFileReference; lastKnownFileType = sourcecode.c.h; path = msx2.h; sourceTree = "<group>"; };
		743803152A4BBF7B00B2C3C5 /* AudioToolbox.framework */ = {isa = PBXFileReference; lastKnownFileType = wrapper.framework; name = AudioToolbox.framework; path = Platforms/MacOSX.platform/Developer/SDKs/MacOSX13.3.sdk/System/Library/Frameworks/AudioToolbox.framework; sourceTree = DEVELOPER_DIR; };
		743803172A4BBF9A00B2C3C5 /* CoreAudio.framework */ = {isa = PBXFileReference; lastKnownFileType = wrapper.framework; name = CoreAudio.framework; path = Platforms/MacOSX.platform/Developer/SDKs/MacOSX13.3.sdk/System/Library/Frameworks/CoreAudio.framework; sourceTree = DEVELOPER_DIR; };
		747420E92A4BBDF90002D193 /* sound-ios.cpp */ = {isa = PBXFileReference; lastKnownFileType = sourcecode.cpp.cpp; path = "sound-ios.cpp"; sourceTree = "<group>"; };
		747420EA2A4BBDF90002D193 /* sound-ios.h */ = {isa = PBXFileReference; lastKnownFileType = sourcecode.c.h; path = "sound-ios.h"; sourceTree = "<group>"; };
		747420ED2A4BBE650002D193 /* BufferQueue.cpp */ = {isa = PBXFileReference; lastKnownFileType = sourcecode.cpp.cpp; path = BufferQueue.cpp; sourceTree = "<group>"; };
		747420EE2A4BBE650002D193 /* BufferQueue.h */ = {isa = PBXFileReference; lastKnownFileType = sourcecode.c.h; path = BufferQueue.h; sourceTree = "<group>"; };
		7496B7322A4BA79000A37A12 /* MSX2CALayer.h */ = {isa = PBXFileReference; lastKnownFileType = sourcecode.c.h; path = MSX2CALayer.h; sourceTree = "<group>"; };
		7496B7332A4BA79000A37A12 /* MSX2CALayer.m */ = {isa = PBXFileReference; lastKnownFileType = sourcecode.c.objc; path = MSX2CALayer.m; sourceTree = "<group>"; };
		74D4399B2A4B00AD00DC289B /* app.app */ = {isa = PBXFileReference; explicitFileType = wrapper.application; includeInIndex = 0; path = app.app; sourceTree = BUILT_PRODUCTS_DIR; };
		74D4399D2A4B00AD00DC289B /* appApp.swift */ = {isa = PBXFileReference; lastKnownFileType = sourcecode.swift; path = appApp.swift; sourceTree = "<group>"; };
		74D4399F2A4B00AD00DC289B /* ContentView.swift */ = {isa = PBXFileReference; lastKnownFileType = sourcecode.swift; path = ContentView.swift; sourceTree = "<group>"; };
		74D439A12A4B00AF00DC289B /* Assets.xcassets */ = {isa = PBXFileReference; lastKnownFileType = folder.assetcatalog; path = Assets.xcassets; sourceTree = "<group>"; };
		74D439A42A4B00AF00DC289B /* Preview Assets.xcassets */ = {isa = PBXFileReference; lastKnownFileType = folder.assetcatalog; path = "Preview Assets.xcassets"; sourceTree = "<group>"; };
		74D439AB2A4B01E200DC289B /* emu2413.c */ = {isa = PBXFileReference; fileEncoding = 4; lastKnownFileType = sourcecode.c.c; name = emu2413.c; path = "../../../msx2-osx/core/emu2413.c"; sourceTree = "<group>"; };
		74D439AC2A4B01E200DC289B /* scc.hpp */ = {isa = PBXFileReference; fileEncoding = 4; lastKnownFileType = sourcecode.cpp.h; name = scc.hpp; path = "../../../msx2-osx/core/scc.hpp"; sourceTree = "<group>"; };
		74D439AD2A4B01E200DC289B /* tc8566af.hpp */ = {isa = PBXFileReference; fileEncoding = 4; lastKnownFileType = sourcecode.cpp.h; name = tc8566af.hpp; path = "../../../msx2-osx/core/tc8566af.hpp"; sourceTree = "<group>"; };
		74D439AE2A4B01E200DC289B /* v9958.hpp */ = {isa = PBXFileReference; fileEncoding = 4; lastKnownFileType = sourcecode.cpp.h; name = v9958.hpp; path = "../../../msx2-osx/core/v9958.hpp"; sourceTree = "<group>"; };
		74D439AF2A4B01E300DC289B /* z80.hpp */ = {isa = PBXFileReference; fileEncoding = 4; lastKnownFileType = sourcecode.cpp.h; name = z80.hpp; path = "../../../msx2-osx/core/z80.hpp"; sourceTree = "<group>"; };
		74D439B02A4B01E300DC289B /* emu2413.h */ = {isa = PBXFileReference; fileEncoding = 4; lastKnownFileType = sourcecode.c.h; name = emu2413.h; path = "../../../msx2-osx/core/emu2413.h"; sourceTree = "<group>"; };
		74D439B12A4B01E300DC289B /* msx2def.h */ = {isa = PBXFileReference; fileEncoding = 4; lastKnownFileType = sourcecode.c.h; name = msx2def.h; path = "../../../msx2-osx/core/msx2def.h"; sourceTree = "<group>"; };
		74D439B22A4B01E300DC289B /* ay8910.hpp */ = {isa = PBXFileReference; fileEncoding = 4; lastKnownFileType = sourcecode.cpp.h; name = ay8910.hpp; path = "../../../msx2-osx/core/ay8910.hpp"; sourceTree = "<group>"; };
		74D439B32A4B01E300DC289B /* msx2clock.hpp */ = {isa = PBXFileReference; fileEncoding = 4; lastKnownFileType = sourcecode.cpp.h; name = msx2clock.hpp; path = "../../../msx2-osx/core/msx2clock.hpp"; sourceTree = "<group>"; };
		74D439B42A4B01E300DC289B /* msx2.hpp */ = {isa = PBXFileReference; fileEncoding = 4; lastKnownFileType = sourcecode.cpp.h; name = msx2.hpp; path = "../../../msx2-osx/core/msx2.hpp"; sourceTree = "<group>"; };
		74D439B52A4B01E300DC289B /* msx2mmu.hpp */ = {isa = PBXFileReference; fileEncoding = 4; lastKnownFileType = sourcecode.cpp.h; name = msx2mmu.hpp; path = "../../../msx2-osx/core/msx2mmu.hpp"; sourceTree = "<group>"; };
		74D439B62A4B01E300DC289B /* msx2kanji.hpp */ = {isa = PBXFileReference; fileEncoding = 4; lastKnownFileType = sourcecode.cpp.h; name = msx2kanji.hpp; path = "../../../msx2-osx/core/msx2kanji.hpp"; sourceTree = "<group>"; };
		74D439C32A4B01F900DC289B /* xxhash.h */ = {isa = PBXFileReference; fileEncoding = 4; lastKnownFileType = sourcecode.c.h; name = xxhash.h; path = "../../../msx2-osx/lz4/xxhash.h"; sourceTree = "<group>"; };
		74D439C42A4B01F900DC289B /* lz4.c */ = {isa = PBXFileReference; fileEncoding = 4; lastKnownFileType = sourcecode.c.c; name = lz4.c; path = "../../../msx2-osx/lz4/lz4.c"; sourceTree = "<group>"; };
		74D439C52A4B01F900DC289B /* xxhash.c */ = {isa = PBXFileReference; fileEncoding = 4; lastKnownFileType = sourcecode.c.c; name = xxhash.c; path = "../../../msx2-osx/lz4/xxhash.c"; sourceTree = "<group>"; };
		74D439C62A4B01F900DC289B /* lz4hc.c */ = {isa = PBXFileReference; fileEncoding = 4; lastKnownFileType = sourcecode.c.c; name = lz4hc.c; path = "../../../msx2-osx/lz4/lz4hc.c"; sourceTree = "<group>"; };
		74D439C72A4B01F900DC289B /* lz4.h */ = {isa = PBXFileReference; fileEncoding = 4; lastKnownFileType = sourcecode.c.h; name = lz4.h; path = "../../../msx2-osx/lz4/lz4.h"; sourceTree = "<group>"; };
		74D439C82A4B01F900DC289B /* lz4frame.c */ = {isa = PBXFileReference; fileEncoding = 4; lastKnownFileType = sourcecode.c.c; name = lz4frame.c; path = "../../../msx2-osx/lz4/lz4frame.c"; sourceTree = "<group>"; };
		74D439C92A4B01F900DC289B /* lz4hc.h */ = {isa = PBXFileReference; fileEncoding = 4; lastKnownFileType = sourcecode.c.h; name = lz4hc.h; path = "../../../msx2-osx/lz4/lz4hc.h"; sourceTree = "<group>"; };
		74D439CA2A4B01F900DC289B /* lz4frame.h */ = {isa = PBXFileReference; fileEncoding = 4; lastKnownFileType = sourcecode.c.h; name = lz4frame.h; path = "../../../msx2-osx/lz4/lz4frame.h"; sourceTree = "<group>"; };
		74D439CB2A4B01F900DC289B /* lz4frame_static.h */ = {isa = PBXFileReference; fileEncoding = 4; lastKnownFileType = sourcecode.c.h; name = lz4frame_static.h; path = "../../../msx2-osx/lz4/lz4frame_static.h"; sourceTree = "<group>"; };
		74D439D52A4B02F800DC289B /* msx2gw.cpp */ = {isa = PBXFileReference; lastKnownFileType = sourcecode.cpp.cpp; path = msx2gw.cpp; sourceTree = "<group>"; };
		74D439D62A4B02F800DC289B /* msx2gw.h */ = {isa = PBXFileReference; lastKnownFileType = sourcecode.c.h; path = msx2gw.h; sourceTree = "<group>"; };
		74D439D92A4B0D3C00DC289B /* sha1.hpp */ = {isa = PBXFileReference; lastKnownFileType = sourcecode.cpp.h; path = sha1.hpp; sourceTree = "<group>"; };
		74D439DC2A4B11DC00DC289B /* MSX2Core.h */ = {isa = PBXFileReference; lastKnownFileType = sourcecode.c.h; path = MSX2Core.h; sourceTree = "<group>"; };
		74D439DD2A4B11DC00DC289B /* MSX2Core.m */ = {isa = PBXFileReference; lastKnownFileType = sourcecode.c.objc; path = MSX2Core.m; sourceTree = "<group>"; };
/* End PBXFileReference section */

/* Begin PBXFrameworksBuildPhase section */
		741F134C2A4AD0EF001B057E /* Frameworks */ = {
			isa = PBXFrameworksBuildPhase;
			buildActionMask = 2147483647;
			files = (
				743803182A4BBF9A00B2C3C5 /* CoreAudio.framework in Frameworks */,
				743803162A4BBF7C00B2C3C5 /* AudioToolbox.framework in Frameworks */,
			);
			runOnlyForDeploymentPostprocessing = 0;
		};
		74D439982A4B00AD00DC289B /* Frameworks */ = {
			isa = PBXFrameworksBuildPhase;
			buildActionMask = 2147483647;
			files = (
			);
			runOnlyForDeploymentPostprocessing = 0;
		};
/* End PBXFrameworksBuildPhase section */

/* Begin PBXGroup section */
		741F13452A4AD0EF001B057E = {
			isa = PBXGroup;
			children = (
				741F13512A4AD0F0001B057E /* msx2 */,
				74D4399C2A4B00AD00DC289B /* app */,
				741F13502A4AD0F0001B057E /* Products */,
				743803142A4BBF7B00B2C3C5 /* Frameworks */,
			);
			sourceTree = "<group>";
		};
		741F13502A4AD0F0001B057E /* Products */ = {
			isa = PBXGroup;
			children = (
				741F134F2A4AD0F0001B057E /* msx2.framework */,
				74D4399B2A4B00AD00DC289B /* app.app */,
			);
			name = Products;
			sourceTree = "<group>";
		};
		741F13512A4AD0F0001B057E /* msx2 */ = {
			isa = PBXGroup;
			children = (
				74D439AA2A4B01C900DC289B /* lz4 */,
				74D439A92A4B01A200DC289B /* core */,
				741F13522A4AD0F0001B057E /* msx2.h */,
				74D439DC2A4B11DC00DC289B /* MSX2Core.h */,
				74D439DD2A4B11DC00DC289B /* MSX2Core.m */,
				7496B7322A4BA79000A37A12 /* MSX2CALayer.h */,
				7496B7332A4BA79000A37A12 /* MSX2CALayer.m */,
				7405F0BA2A4BB83100D238FC /* MSX2JoyPad.h */,
				7405F0BB2A4BB83100D238FC /* MSX2JoyPad.m */,
				7405F0B62A4BAA2500D238FC /* MSX2View.h */,
				7405F0B72A4BAA2500D238FC /* MSX2View.m */,
				747420E92A4BBDF90002D193 /* sound-ios.cpp */,
				747420EA2A4BBDF90002D193 /* sound-ios.h */,
				747420ED2A4BBE650002D193 /* BufferQueue.cpp */,
				747420EE2A4BBE650002D193 /* BufferQueue.h */,
				74D439D52A4B02F800DC289B /* msx2gw.cpp */,
				74D439D62A4B02F800DC289B /* msx2gw.h */,
				74D439D92A4B0D3C00DC289B /* sha1.hpp */,
			);
			path = msx2;
			sourceTree = "<group>";
		};
		743803142A4BBF7B00B2C3C5 /* Frameworks */ = {
			isa = PBXGroup;
			children = (
				743803172A4BBF9A00B2C3C5 /* CoreAudio.framework */,
				743803152A4BBF7B00B2C3C5 /* AudioToolbox.framework */,
			);
			name = Frameworks;
			sourceTree = "<group>";
		};
		74D4399C2A4B00AD00DC289B /* app */ = {
			isa = PBXGroup;
			children = (
				74D4399D2A4B00AD00DC289B /* appApp.swift */,
				74D4399F2A4B00AD00DC289B /* ContentView.swift */,
				74D439A12A4B00AF00DC289B /* Assets.xcassets */,
				74D439A32A4B00AF00DC289B /* Preview Content */,
			);
			path = app;
			sourceTree = "<group>";
		};
		74D439A32A4B00AF00DC289B /* Preview Content */ = {
			isa = PBXGroup;
			children = (
				74D439A42A4B00AF00DC289B /* Preview Assets.xcassets */,
			);
			path = "Preview Content";
			sourceTree = "<group>";
		};
		74D439A92A4B01A200DC289B /* core */ = {
			isa = PBXGroup;
			children = (
				74D439B22A4B01E300DC289B /* ay8910.hpp */,
				74D439AB2A4B01E200DC289B /* emu2413.c */,
				74D439B02A4B01E300DC289B /* emu2413.h */,
				74D439B42A4B01E300DC289B /* msx2.hpp */,
				74D439B32A4B01E300DC289B /* msx2clock.hpp */,
				74D439B12A4B01E300DC289B /* msx2def.h */,
				74D439B62A4B01E300DC289B /* msx2kanji.hpp */,
				74D439B52A4B01E300DC289B /* msx2mmu.hpp */,
				74D439AC2A4B01E200DC289B /* scc.hpp */,
				74D439AD2A4B01E200DC289B /* tc8566af.hpp */,
				74D439AE2A4B01E200DC289B /* v9958.hpp */,
				74D439AF2A4B01E300DC289B /* z80.hpp */,
			);
			path = core;
			sourceTree = "<group>";
		};
		74D439AA2A4B01C900DC289B /* lz4 */ = {
			isa = PBXGroup;
			children = (
				74D439C42A4B01F900DC289B /* lz4.c */,
				74D439C72A4B01F900DC289B /* lz4.h */,
				74D439CB2A4B01F900DC289B /* lz4frame_static.h */,
				74D439C82A4B01F900DC289B /* lz4frame.c */,
				74D439CA2A4B01F900DC289B /* lz4frame.h */,
				74D439C62A4B01F900DC289B /* lz4hc.c */,
				74D439C92A4B01F900DC289B /* lz4hc.h */,
				74D439C52A4B01F900DC289B /* xxhash.c */,
				74D439C32A4B01F900DC289B /* xxhash.h */,
			);
			path = lz4;
			sourceTree = "<group>";
		};
/* End PBXGroup section */

/* Begin PBXHeadersBuildPhase section */
		741F134A2A4AD0EF001B057E /* Headers */ = {
			isa = PBXHeadersBuildPhase;
			buildActionMask = 2147483647;
			files = (
				7405F0B82A4BAA2500D238FC /* MSX2View.h in Headers */,
				74D439D42A4B01F900DC289B /* lz4frame_static.h in Headers */,
				74D439CC2A4B01F900DC289B /* xxhash.h in Headers */,
				74D439C12A4B01E300DC289B /* msx2mmu.hpp in Headers */,
				747420F02A4BBE650002D193 /* BufferQueue.h in Headers */,
				74D439BD2A4B01E300DC289B /* msx2def.h in Headers */,
				74D439D22A4B01F900DC289B /* lz4hc.h in Headers */,
				74D439BA2A4B01E300DC289B /* v9958.hpp in Headers */,
				7405F0BC2A4BB83100D238FC /* MSX2JoyPad.h in Headers */,
				747420EC2A4BBDF90002D193 /* sound-ios.h in Headers */,
				7496B7342A4BA79000A37A12 /* MSX2CALayer.h in Headers */,
				74D439D32A4B01F900DC289B /* lz4frame.h in Headers */,
				74D439B82A4B01E300DC289B /* scc.hpp in Headers */,
				74D439D82A4B02F800DC289B /* msx2gw.h in Headers */,
				74D439BC2A4B01E300DC289B /* emu2413.h in Headers */,
				74D439BF2A4B01E300DC289B /* msx2clock.hpp in Headers */,
				74D439BE2A4B01E300DC289B /* ay8910.hpp in Headers */,
				74D439BB2A4B01E300DC289B /* z80.hpp in Headers */,
				74D439DE2A4B11DC00DC289B /* MSX2Core.h in Headers */,
				741F13532A4AD0F0001B057E /* msx2.h in Headers */,
				74D439C02A4B01E300DC289B /* msx2.hpp in Headers */,
				74D439D02A4B01F900DC289B /* lz4.h in Headers */,
				74D439C22A4B01E300DC289B /* msx2kanji.hpp in Headers */,
				74D439B92A4B01E300DC289B /* tc8566af.hpp in Headers */,
			);
			runOnlyForDeploymentPostprocessing = 0;
		};
/* End PBXHeadersBuildPhase section */

/* Begin PBXNativeTarget section */
		741F134E2A4AD0EF001B057E /* msx2 */ = {
			isa = PBXNativeTarget;
			buildConfigurationList = 741F13562A4AD0F0001B057E /* Build configuration list for PBXNativeTarget "msx2" */;
			buildPhases = (
				741F134A2A4AD0EF001B057E /* Headers */,
				741F134B2A4AD0EF001B057E /* Sources */,
				741F134C2A4AD0EF001B057E /* Frameworks */,
				741F134D2A4AD0EF001B057E /* Resources */,
			);
			buildRules = (
			);
			dependencies = (
			);
			name = msx2;
			productName = msx2;
			productReference = 741F134F2A4AD0F0001B057E /* msx2.framework */;
			productType = "com.apple.product-type.framework";
		};
		74D4399A2A4B00AD00DC289B /* app */ = {
			isa = PBXNativeTarget;
			buildConfigurationList = 74D439A82A4B00AF00DC289B /* Build configuration list for PBXNativeTarget "app" */;
			buildPhases = (
				74D439972A4B00AD00DC289B /* Sources */,
				74D439982A4B00AD00DC289B /* Frameworks */,
				74D439992A4B00AD00DC289B /* Resources */,
			);
			buildRules = (
			);
			dependencies = (
			);
			name = app;
			productName = app;
			productReference = 74D4399B2A4B00AD00DC289B /* app.app */;
			productType = "com.apple.product-type.application";
		};
/* End PBXNativeTarget section */

/* Begin PBXProject section */
		741F13462A4AD0EF001B057E /* Project object */ = {
			isa = PBXProject;
			attributes = {
				BuildIndependentTargetsInParallel = 1;
				LastSwiftUpdateCheck = 1430;
				LastUpgradeCheck = 1430;
				TargetAttributes = {
					741F134E2A4AD0EF001B057E = {
						CreatedOnToolsVersion = 14.3.1;
						LastSwiftMigration = 1430;
					};
					74D4399A2A4B00AD00DC289B = {
						CreatedOnToolsVersion = 14.3.1;
					};
				};
			};
			buildConfigurationList = 741F13492A4AD0EF001B057E /* Build configuration list for PBXProject "msx2" */;
			compatibilityVersion = "Xcode 14.0";
			developmentRegion = en;
			hasScannedForEncodings = 0;
			knownRegions = (
				en,
				Base,
			);
			mainGroup = 741F13452A4AD0EF001B057E;
			productRefGroup = 741F13502A4AD0F0001B057E /* Products */;
			projectDirPath = "";
			projectRoot = "";
			targets = (
				741F134E2A4AD0EF001B057E /* msx2 */,
				74D4399A2A4B00AD00DC289B /* app */,
			);
		};
/* End PBXProject section */

/* Begin PBXResourcesBuildPhase section */
		741F134D2A4AD0EF001B057E /* Resources */ = {
			isa = PBXResourcesBuildPhase;
			buildActionMask = 2147483647;
			files = (
			);
			runOnlyForDeploymentPostprocessing = 0;
		};
		74D439992A4B00AD00DC289B /* Resources */ = {
			isa = PBXResourcesBuildPhase;
			buildActionMask = 2147483647;
			files = (
				74D439A52A4B00AF00DC289B /* Preview Assets.xcassets in Resources */,
				74D439A22A4B00AF00DC289B /* Assets.xcassets in Resources */,
			);
			runOnlyForDeploymentPostprocessing = 0;
		};
/* End PBXResourcesBuildPhase section */

/* Begin PBXSourcesBuildPhase section */
		741F134B2A4AD0EF001B057E /* Sources */ = {
			isa = PBXSourcesBuildPhase;
			buildActionMask = 2147483647;
			files = (
				74D439CD2A4B01F900DC289B /* lz4.c in Sources */,
				74D439D72A4B02F800DC289B /* msx2gw.cpp in Sources */,
				7405F0BD2A4BB83100D238FC /* MSX2JoyPad.m in Sources */,
				74D439D12A4B01F900DC289B /* lz4frame.c in Sources */,
				7496B7352A4BA79000A37A12 /* MSX2CALayer.m in Sources */,
				7405F0B92A4BAA2500D238FC /* MSX2View.m in Sources */,
				74D439DF2A4B11DC00DC289B /* MSX2Core.m in Sources */,
				747420EF2A4BBE650002D193 /* BufferQueue.cpp in Sources */,
				74D439CF2A4B01F900DC289B /* lz4hc.c in Sources */,
				74D439CE2A4B01F900DC289B /* xxhash.c in Sources */,
				74D439B72A4B01E300DC289B /* emu2413.c in Sources */,
				747420EB2A4BBDF90002D193 /* sound-ios.cpp in Sources */,
			);
			runOnlyForDeploymentPostprocessing = 0;
		};
		74D439972A4B00AD00DC289B /* Sources */ = {
			isa = PBXSourcesBuildPhase;
			buildActionMask = 2147483647;
			files = (
				74D439A02A4B00AD00DC289B /* ContentView.swift in Sources */,
				74D4399E2A4B00AD00DC289B /* appApp.swift in Sources */,
			);
			runOnlyForDeploymentPostprocessing = 0;
		};
/* End PBXSourcesBuildPhase section */

/* Begin XCBuildConfiguration section */
		741F13542A4AD0F0001B057E /* Debug */ = {
			isa = XCBuildConfiguration;
			buildSettings = {
				ALWAYS_SEARCH_USER_PATHS = NO;
				CLANG_ANALYZER_NONNULL = YES;
				CLANG_ANALYZER_NUMBER_OBJECT_CONVERSION = YES_AGGRESSIVE;
				CLANG_CXX_LANGUAGE_STANDARD = "gnu++20";
				CLANG_ENABLE_MODULES = YES;
				CLANG_ENABLE_OBJC_ARC = YES;
				CLANG_ENABLE_OBJC_WEAK = YES;
				CLANG_WARN_BLOCK_CAPTURE_AUTORELEASING = YES;
				CLANG_WARN_BOOL_CONVERSION = YES;
				CLANG_WARN_COMMA = YES;
				CLANG_WARN_CONSTANT_CONVERSION = YES;
				CLANG_WARN_DEPRECATED_OBJC_IMPLEMENTATIONS = YES;
				CLANG_WARN_DIRECT_OBJC_ISA_USAGE = YES_ERROR;
				CLANG_WARN_DOCUMENTATION_COMMENTS = YES;
				CLANG_WARN_EMPTY_BODY = YES;
				CLANG_WARN_ENUM_CONVERSION = YES;
				CLANG_WARN_INFINITE_RECURSION = YES;
				CLANG_WARN_INT_CONVERSION = YES;
				CLANG_WARN_NON_LITERAL_NULL_CONVERSION = YES;
				CLANG_WARN_OBJC_IMPLICIT_RETAIN_SELF = YES;
				CLANG_WARN_OBJC_LITERAL_CONVERSION = YES;
				CLANG_WARN_OBJC_ROOT_CLASS = YES_ERROR;
				CLANG_WARN_QUOTED_INCLUDE_IN_FRAMEWORK_HEADER = YES;
				CLANG_WARN_RANGE_LOOP_ANALYSIS = YES;
				CLANG_WARN_STRICT_PROTOTYPES = YES;
				CLANG_WARN_SUSPICIOUS_MOVE = YES;
				CLANG_WARN_UNGUARDED_AVAILABILITY = YES_AGGRESSIVE;
				CLANG_WARN_UNREACHABLE_CODE = YES;
				CLANG_WARN__DUPLICATE_METHOD_MATCH = YES;
				COPY_PHASE_STRIP = NO;
				CURRENT_PROJECT_VERSION = 1;
				DEBUG_INFORMATION_FORMAT = dwarf;
				ENABLE_STRICT_OBJC_MSGSEND = YES;
				ENABLE_TESTABILITY = YES;
				GCC_C_LANGUAGE_STANDARD = gnu11;
				GCC_DYNAMIC_NO_PIC = NO;
				GCC_NO_COMMON_BLOCKS = YES;
				GCC_OPTIMIZATION_LEVEL = 0;
				GCC_PREPROCESSOR_DEFINITIONS = (
					"DEBUG=1",
					"$(inherited)",
				);
				GCC_WARN_64_TO_32_BIT_CONVERSION = YES;
				GCC_WARN_ABOUT_RETURN_TYPE = YES_ERROR;
				GCC_WARN_UNDECLARED_SELECTOR = YES;
				GCC_WARN_UNINITIALIZED_AUTOS = YES_AGGRESSIVE;
				GCC_WARN_UNUSED_FUNCTION = YES;
				GCC_WARN_UNUSED_VARIABLE = YES;
				IPHONEOS_DEPLOYMENT_TARGET = 16.4;
				MTL_ENABLE_DEBUG_INFO = INCLUDE_SOURCE;
				MTL_FAST_MATH = YES;
				ONLY_ACTIVE_ARCH = YES;
				SDKROOT = iphoneos;
				VERSIONING_SYSTEM = "apple-generic";
				VERSION_INFO_PREFIX = "";
			};
			name = Debug;
		};
		741F13552A4AD0F0001B057E /* Release */ = {
			isa = XCBuildConfiguration;
			buildSettings = {
				ALWAYS_SEARCH_USER_PATHS = NO;
				CLANG_ANALYZER_NONNULL = YES;
				CLANG_ANALYZER_NUMBER_OBJECT_CONVERSION = YES_AGGRESSIVE;
				CLANG_CXX_LANGUAGE_STANDARD = "gnu++20";
				CLANG_ENABLE_MODULES = YES;
				CLANG_ENABLE_OBJC_ARC = YES;
				CLANG_ENABLE_OBJC_WEAK = YES;
				CLANG_WARN_BLOCK_CAPTURE_AUTORELEASING = YES;
				CLANG_WARN_BOOL_CONVERSION = YES;
				CLANG_WARN_COMMA = YES;
				CLANG_WARN_CONSTANT_CONVERSION = YES;
				CLANG_WARN_DEPRECATED_OBJC_IMPLEMENTATIONS = YES;
				CLANG_WARN_DIRECT_OBJC_ISA_USAGE = YES_ERROR;
				CLANG_WARN_DOCUMENTATION_COMMENTS = YES;
				CLANG_WARN_EMPTY_BODY = YES;
				CLANG_WARN_ENUM_CONVERSION = YES;
				CLANG_WARN_INFINITE_RECURSION = YES;
				CLANG_WARN_INT_CONVERSION = YES;
				CLANG_WARN_NON_LITERAL_NULL_CONVERSION = YES;
				CLANG_WARN_OBJC_IMPLICIT_RETAIN_SELF = YES;
				CLANG_WARN_OBJC_LITERAL_CONVERSION = YES;
				CLANG_WARN_OBJC_ROOT_CLASS = YES_ERROR;
				CLANG_WARN_QUOTED_INCLUDE_IN_FRAMEWORK_HEADER = YES;
				CLANG_WARN_RANGE_LOOP_ANALYSIS = YES;
				CLANG_WARN_STRICT_PROTOTYPES = YES;
				CLANG_WARN_SUSPICIOUS_MOVE = YES;
				CLANG_WARN_UNGUARDED_AVAILABILITY = YES_AGGRESSIVE;
				CLANG_WARN_UNREACHABLE_CODE = YES;
				CLANG_WARN__DUPLICATE_METHOD_MATCH = YES;
				COPY_PHASE_STRIP = NO;
				CURRENT_PROJECT_VERSION = 1;
				DEBUG_INFORMATION_FORMAT = "dwarf-with-dsym";
				ENABLE_NS_ASSERTIONS = NO;
				ENABLE_STRICT_OBJC_MSGSEND = YES;
				GCC_C_LANGUAGE_STANDARD = gnu11;
				GCC_NO_COMMON_BLOCKS = YES;
				GCC_WARN_64_TO_32_BIT_CONVERSION = YES;
				GCC_WARN_ABOUT_RETURN_TYPE = YES_ERROR;
				GCC_WARN_UNDECLARED_SELECTOR = YES;
				GCC_WARN_UNINITIALIZED_AUTOS = YES_AGGRESSIVE;
				GCC_WARN_UNUSED_FUNCTION = YES;
				GCC_WARN_UNUSED_VARIABLE = YES;
				IPHONEOS_DEPLOYMENT_TARGET = 16.4;
				MTL_ENABLE_DEBUG_INFO = NO;
				MTL_FAST_MATH = YES;
				SDKROOT = iphoneos;
				VALIDATE_PRODUCT = YES;
				VERSIONING_SYSTEM = "apple-generic";
				VERSION_INFO_PREFIX = "";
			};
			name = Release;
		};
		741F13572A4AD0F0001B057E /* Debug */ = {
			isa = XCBuildConfiguration;
			buildSettings = {
				CLANG_ENABLE_MODULES = YES;
				CODE_SIGN_STYLE = Automatic;
				CURRENT_PROJECT_VERSION = 1;
				DEFINES_MODULE = YES;
				DYLIB_COMPATIBILITY_VERSION = 1;
				DYLIB_CURRENT_VERSION = 1;
				DYLIB_INSTALL_NAME_BASE = "@rpath";
				ENABLE_MODULE_VERIFIER = YES;
				GENERATE_INFOPLIST_FILE = YES;
				INFOPLIST_KEY_NSHumanReadableCopyright = "";
				INSTALL_PATH = "$(LOCAL_LIBRARY_DIR)/Frameworks";
				LD_RUNPATH_SEARCH_PATHS = (
					"$(inherited)",
					"@executable_path/Frameworks",
					"@loader_path/Frameworks",
				);
				MARKETING_VERSION = 1.0;
				MODULE_VERIFIER_SUPPORTED_LANGUAGES = "objective-c objective-c++";
				MODULE_VERIFIER_SUPPORTED_LANGUAGE_STANDARDS = "gnu11 gnu++20";
				PRODUCT_BUNDLE_IDENTIFIER = com.suzukiplan.msx2;
				PRODUCT_NAME = "$(TARGET_NAME:c99extidentifier)";
				SKIP_INSTALL = YES;
				SWIFT_EMIT_LOC_STRINGS = YES;
				SWIFT_OPTIMIZATION_LEVEL = "-Onone";
				SWIFT_VERSION = 5.0;
				TARGETED_DEVICE_FAMILY = "1,2";
			};
			name = Debug;
		};
		741F13582A4AD0F0001B057E /* Release */ = {
			isa = XCBuildConfiguration;
			buildSettings = {
				CLANG_ENABLE_MODULES = YES;
				CODE_SIGN_STYLE = Automatic;
				CURRENT_PROJECT_VERSION = 1;
				DEFINES_MODULE = YES;
				DYLIB_COMPATIBILITY_VERSION = 1;
				DYLIB_CURRENT_VERSION = 1;
				DYLIB_INSTALL_NAME_BASE = "@rpath";
				ENABLE_MODULE_VERIFIER = YES;
				GENERATE_INFOPLIST_FILE = YES;
				INFOPLIST_KEY_NSHumanReadableCopyright = "";
				INSTALL_PATH = "$(LOCAL_LIBRARY_DIR)/Frameworks";
				LD_RUNPATH_SEARCH_PATHS = (
					"$(inherited)",
					"@executable_path/Frameworks",
					"@loader_path/Frameworks",
				);
				MARKETING_VERSION = 1.0;
				MODULE_VERIFIER_SUPPORTED_LANGUAGES = "objective-c objective-c++";
				MODULE_VERIFIER_SUPPORTED_LANGUAGE_STANDARDS = "gnu11 gnu++20";
				PRODUCT_BUNDLE_IDENTIFIER = com.suzukiplan.msx2;
				PRODUCT_NAME = "$(TARGET_NAME:c99extidentifier)";
				SKIP_INSTALL = YES;
				SWIFT_EMIT_LOC_STRINGS = YES;
				SWIFT_VERSION = 5.0;
				TARGETED_DEVICE_FAMILY = "1,2";
			};
			name = Release;
		};
		74D439A62A4B00AF00DC289B /* Debug */ = {
			isa = XCBuildConfiguration;
			buildSettings = {
				ASSETCATALOG_COMPILER_APPICON_NAME = AppIcon;
				ASSETCATALOG_COMPILER_GLOBAL_ACCENT_COLOR_NAME = AccentColor;
				CODE_SIGN_STYLE = Automatic;
				CURRENT_PROJECT_VERSION = 1;
				DEVELOPMENT_ASSET_PATHS = "\"app/Preview Content\"";
				ENABLE_PREVIEWS = YES;
				GENERATE_INFOPLIST_FILE = YES;
				INFOPLIST_KEY_UIApplicationSceneManifest_Generation = YES;
				INFOPLIST_KEY_UIApplicationSupportsIndirectInputEvents = YES;
				INFOPLIST_KEY_UILaunchScreen_Generation = YES;
				INFOPLIST_KEY_UISupportedInterfaceOrientations_iPad = "UIInterfaceOrientationPortrait UIInterfaceOrientationPortraitUpsideDown UIInterfaceOrientationLandscapeLeft UIInterfaceOrientationLandscapeRight";
				INFOPLIST_KEY_UISupportedInterfaceOrientations_iPhone = "UIInterfaceOrientationPortrait UIInterfaceOrientationLandscapeLeft UIInterfaceOrientationLandscapeRight";
				LD_RUNPATH_SEARCH_PATHS = (
					"$(inherited)",
					"@executable_path/Frameworks",
				);
				MARKETING_VERSION = 1.0;
				PRODUCT_BUNDLE_IDENTIFIER = com.suzukiplan.msx2.app;
				PRODUCT_NAME = "$(TARGET_NAME)";
				SWIFT_ACTIVE_COMPILATION_CONDITIONS = DEBUG;
				SWIFT_EMIT_LOC_STRINGS = YES;
				SWIFT_OPTIMIZATION_LEVEL = "-Onone";
				SWIFT_VERSION = 5.0;
				TARGETED_DEVICE_FAMILY = "1,2";
			};
			name = Debug;
		};
		74D439A72A4B00AF00DC289B /* Release */ = {
			isa = XCBuildConfiguration;
			buildSettings = {
				ASSETCATALOG_COMPILER_APPICON_NAME = AppIcon;
				ASSETCATALOG_COMPILER_GLOBAL_ACCENT_COLOR_NAME = AccentColor;
				CODE_SIGN_STYLE = Automatic;
				CURRENT_PROJECT_VERSION = 1;
				DEVELOPMENT_ASSET_PATHS = "\"app/Preview Content\"";
				ENABLE_PREVIEWS = YES;
				GENERATE_INFOPLIST_FILE = YES;
				INFOPLIST_KEY_UIApplicationSceneManifest_Generation = YES;
				INFOPLIST_KEY_UIApplicationSupportsIndirectInputEvents = YES;
				INFOPLIST_KEY_UILaunchScreen_Generation = YES;
				INFOPLIST_KEY_UISupportedInterfaceOrientations_iPad = "UIInterfaceOrientationPortrait UIInterfaceOrientationPortraitUpsideDown UIInterfaceOrientationLandscapeLeft UIInterfaceOrientationLandscapeRight";
				INFOPLIST_KEY_UISupportedInterfaceOrientations_iPhone = "UIInterfaceOrientationPortrait UIInterfaceOrientationLandscapeLeft UIInterfaceOrientationLandscapeRight";
				LD_RUNPATH_SEARCH_PATHS = (
					"$(inherited)",
					"@executable_path/Frameworks",
				);
				MARKETING_VERSION = 1.0;
				PRODUCT_BUNDLE_IDENTIFIER = com.suzukiplan.msx2.app;
				PRODUCT_NAME = "$(TARGET_NAME)";
				SWIFT_COMPILATION_MODE = wholemodule;
				SWIFT_EMIT_LOC_STRINGS = YES;
				SWIFT_OPTIMIZATION_LEVEL = "-O";
				SWIFT_VERSION = 5.0;
				TARGETED_DEVICE_FAMILY = "1,2";
			};
			name = Release;
		};
/* End XCBuildConfiguration section */

/* Begin XCConfigurationList section */
		741F13492A4AD0EF001B057E /* Build configuration list for PBXProject "msx2" */ = {
			isa = XCConfigurationList;
			buildConfigurations = (
				741F13542A4AD0F0001B057E /* Debug */,
				741F13552A4AD0F0001B057E /* Release */,
			);
			defaultConfigurationIsVisible = 0;
			defaultConfigurationName = Release;
		};
		741F13562A4AD0F0001B057E /* Build configuration list for PBXNativeTarget "msx2" */ = {
			isa = XCConfigurationList;
			buildConfigurations = (
				741F13572A4AD0F0001B057E /* Debug */,
				741F13582A4AD0F0001B057E /* Release */,
			);
			defaultConfigurationIsVisible = 0;
			defaultConfigurationName = Release;
		};
		74D439A82A4B00AF00DC289B /* Build configuration list for PBXNativeTarget "app" */ = {
			isa = XCConfigurationList;
			buildConfigurations = (
				74D439A62A4B00AF00DC289B /* Debug */,
				74D439A72A4B00AF00DC289B /* Release */,
			);
			defaultConfigurationIsVisible = 0;
			defaultConfigurationName = Release;
		};
/* End XCConfigurationList section */
	};
	rootObject = 741F13462A4AD0EF001B057E /* Project object */;
}
