// !$*UTF8*$!
{
	archiveVersion = 1;
	classes = {
	};
	objectVersion = 56;
	objects = {

/* Begin PBXBuildFile section */
		7407A1D529834DB500D59AA5 /* cbios_logo_msx2.rom in Resources */ = {isa = PBXBuildFile; fileRef = 7407A1D329834DB500D59AA5 /* cbios_logo_msx2.rom */; };
		741A1E3A299DA885001AE497 /* vgsspu_al.c in Sources */ = {isa = PBXBuildFile; fileRef = 741A1E39299DA885001AE497 /* vgsspu_al.c */; };
		743A71D32A4C6D1C00102D27 /* lz4hc.c in Sources */ = {isa = PBXBuildFile; fileRef = 743A71CB2A4C6D1C00102D27 /* lz4hc.c */; };
		743A71D42A4C6D1C00102D27 /* lz4.c in Sources */ = {isa = PBXBuildFile; fileRef = 743A71CE2A4C6D1C00102D27 /* lz4.c */; };
		743A71D52A4C6D1C00102D27 /* lz4frame.c in Sources */ = {isa = PBXBuildFile; fileRef = 743A71D02A4C6D1C00102D27 /* lz4frame.c */; };
		743A71D62A4C6D1C00102D27 /* xxhash.c in Sources */ = {isa = PBXBuildFile; fileRef = 743A71D22A4C6D1C00102D27 /* xxhash.c */; };
		743A71E32A4C6D2900102D27 /* emu2413.c in Sources */ = {isa = PBXBuildFile; fileRef = 743A71D72A4C6D2900102D27 /* emu2413.c */; };
		7444CCA529E000FB001CBA91 /* cbios_main_msx2+_jp.rom in Resources */ = {isa = PBXBuildFile; fileRef = 7444CC9F29E000FB001CBA91 /* cbios_main_msx2+_jp.rom */; };
		7444CCA729E000FB001CBA91 /* cbios_music.rom in Resources */ = {isa = PBXBuildFile; fileRef = 7444CCA129E000FB001CBA91 /* cbios_music.rom */; };
		7444CCA829E000FB001CBA91 /* cbios_basic.rom in Resources */ = {isa = PBXBuildFile; fileRef = 7444CCA229E000FB001CBA91 /* cbios_basic.rom */; };
		7444CCA929E000FB001CBA91 /* cbios_disk.rom in Resources */ = {isa = PBXBuildFile; fileRef = 7444CCA329E000FB001CBA91 /* cbios_disk.rom */; };
		7444CCAA29E000FB001CBA91 /* cbios_logo_msx2+.rom in Resources */ = {isa = PBXBuildFile; fileRef = 7444CCA429E000FB001CBA91 /* cbios_logo_msx2+.rom */; };
		7444CCAC29E4DDD2001CBA91 /* cbios_sub.rom in Resources */ = {isa = PBXBuildFile; fileRef = 7444CCAB29E4DDD2001CBA91 /* cbios_sub.rom */; };
		748D22AC297E652600B504AF /* AppDelegate.m in Sources */ = {isa = PBXBuildFile; fileRef = 748D22AB297E652600B504AF /* AppDelegate.m */; };
		748D22AF297E652600B504AF /* ViewController.m in Sources */ = {isa = PBXBuildFile; fileRef = 748D22AE297E652600B504AF /* ViewController.m */; };
		748D22B1297E652800B504AF /* Assets.xcassets in Resources */ = {isa = PBXBuildFile; fileRef = 748D22B0297E652800B504AF /* Assets.xcassets */; };
		748D22B4297E652800B504AF /* Main.storyboard in Resources */ = {isa = PBXBuildFile; fileRef = 748D22B2297E652800B504AF /* Main.storyboard */; };
		748D22B6297E652800B504AF /* main.m in Sources */ = {isa = PBXBuildFile; fileRef = 748D22B5297E652800B504AF /* main.m */; };
		748D22C5297E758C00B504AF /* VideoView.m in Sources */ = {isa = PBXBuildFile; fileRef = 748D22C4297E758C00B504AF /* VideoView.m */; };
		748D22C8297E75C800B504AF /* VideoLayer.m in Sources */ = {isa = PBXBuildFile; fileRef = 748D22C7297E75C800B504AF /* VideoLayer.m */; };
		748D22CC297E768D00B504AF /* emu.cpp in Sources */ = {isa = PBXBuildFile; fileRef = 748D22CA297E768D00B504AF /* emu.cpp */; };
		748D22D8297E7E2E00B504AF /* KNJDRV.ROM in Resources */ = {isa = PBXBuildFile; fileRef = 748D22CE297E7E2D00B504AF /* KNJDRV.ROM */; };
		748D22D9297E7E2E00B504AF /* MSX2PEXT.ROM in Resources */ = {isa = PBXBuildFile; fileRef = 748D22CF297E7E2D00B504AF /* MSX2PEXT.ROM */; };
		748D22DA297E7E2E00B504AF /* FMBIOS.ROM in Resources */ = {isa = PBXBuildFile; fileRef = 748D22D0297E7E2D00B504AF /* FMBIOS.ROM */; };
		748D22DB297E7E2E00B504AF /* MSXDOS2.ROM in Resources */ = {isa = PBXBuildFile; fileRef = 748D22D1297E7E2D00B504AF /* MSXDOS2.ROM */; };
		748D22DC297E7E2E00B504AF /* KNJFNT16.ROM in Resources */ = {isa = PBXBuildFile; fileRef = 748D22D2297E7E2D00B504AF /* KNJFNT16.ROM */; };
		748D22DD297E7E2E00B504AF /* MSX2P.ROM in Resources */ = {isa = PBXBuildFile; fileRef = 748D22D3297E7E2D00B504AF /* MSX2P.ROM */; };
		748D22DE297E7E2E00B504AF /* DISK.ROM in Resources */ = {isa = PBXBuildFile; fileRef = 748D22D4297E7E2E00B504AF /* DISK.ROM */; };
		748D22DF297E7E2E00B504AF /* MSX2.ROM in Resources */ = {isa = PBXBuildFile; fileRef = 748D22D5297E7E2E00B504AF /* MSX2.ROM */; };
		748D22E0297E7E2E00B504AF /* MSX2EXT.ROM in Resources */ = {isa = PBXBuildFile; fileRef = 748D22D6297E7E2E00B504AF /* MSX2EXT.ROM */; };
		748D22E5297FB69800B504AF /* cbios_main_msx2_jp.rom in Resources */ = {isa = PBXBuildFile; fileRef = 748D22E4297FB69800B504AF /* cbios_main_msx2_jp.rom */; };
/* End PBXBuildFile section */

/* Begin PBXFileReference section */
		7407A1D329834DB500D59AA5 /* cbios_logo_msx2.rom */ = {isa = PBXFileReference; lastKnownFileType = file; path = cbios_logo_msx2.rom; sourceTree = "<group>"; };
		741A1E38299DA885001AE497 /* vgsspu_al.h */ = {isa = PBXFileReference; fileEncoding = 4; lastKnownFileType = sourcecode.c.h; path = vgsspu_al.h; sourceTree = "<group>"; };
		741A1E39299DA885001AE497 /* vgsspu_al.c */ = {isa = PBXFileReference; fileEncoding = 4; lastKnownFileType = sourcecode.c.c; path = vgsspu_al.c; sourceTree = "<group>"; };
		743A71CA2A4C6D1C00102D27 /* lz4.h */ = {isa = PBXFileReference; fileEncoding = 4; lastKnownFileType = sourcecode.c.h; name = lz4.h; path = src/lz4/lz4.h; sourceTree = SOURCE_ROOT; };
		743A71CB2A4C6D1C00102D27 /* lz4hc.c */ = {isa = PBXFileReference; fileEncoding = 4; lastKnownFileType = sourcecode.c.c; name = lz4hc.c; path = src/lz4/lz4hc.c; sourceTree = SOURCE_ROOT; };
		743A71CC2A4C6D1C00102D27 /* lz4frame.h */ = {isa = PBXFileReference; fileEncoding = 4; lastKnownFileType = sourcecode.c.h; name = lz4frame.h; path = src/lz4/lz4frame.h; sourceTree = SOURCE_ROOT; };
		743A71CD2A4C6D1C00102D27 /* lz4frame_static.h */ = {isa = PBXFileReference; fileEncoding = 4; lastKnownFileType = sourcecode.c.h; name = lz4frame_static.h; path = src/lz4/lz4frame_static.h; sourceTree = SOURCE_ROOT; };
		743A71CE2A4C6D1C00102D27 /* lz4.c */ = {isa = PBXFileReference; fileEncoding = 4; lastKnownFileType = sourcecode.c.c; name = lz4.c; path = src/lz4/lz4.c; sourceTree = SOURCE_ROOT; };
		743A71CF2A4C6D1C00102D27 /* xxhash.h */ = {isa = PBXFileReference; fileEncoding = 4; lastKnownFileType = sourcecode.c.h; name = xxhash.h; path = src/lz4/xxhash.h; sourceTree = SOURCE_ROOT; };
		743A71D02A4C6D1C00102D27 /* lz4frame.c */ = {isa = PBXFileReference; fileEncoding = 4; lastKnownFileType = sourcecode.c.c; name = lz4frame.c; path = src/lz4/lz4frame.c; sourceTree = SOURCE_ROOT; };
		743A71D12A4C6D1C00102D27 /* lz4hc.h */ = {isa = PBXFileReference; fileEncoding = 4; lastKnownFileType = sourcecode.c.h; name = lz4hc.h; path = src/lz4/lz4hc.h; sourceTree = SOURCE_ROOT; };
		743A71D22A4C6D1C00102D27 /* xxhash.c */ = {isa = PBXFileReference; fileEncoding = 4; lastKnownFileType = sourcecode.c.c; name = xxhash.c; path = src/lz4/xxhash.c; sourceTree = SOURCE_ROOT; };
		743A71D72A4C6D2900102D27 /* emu2413.c */ = {isa = PBXFileReference; fileEncoding = 4; lastKnownFileType = sourcecode.c.c; name = emu2413.c; path = src/core/emu2413.c; sourceTree = SOURCE_ROOT; };
		743A71D82A4C6D2900102D27 /* z80.hpp */ = {isa = PBXFileReference; fileEncoding = 4; lastKnownFileType = sourcecode.cpp.h; name = z80.hpp; path = src/core/z80.hpp; sourceTree = SOURCE_ROOT; };
		743A71D92A4C6D2900102D27 /* msx2mmu.hpp */ = {isa = PBXFileReference; fileEncoding = 4; lastKnownFileType = sourcecode.cpp.h; name = msx2mmu.hpp; path = src/core/msx2mmu.hpp; sourceTree = SOURCE_ROOT; };
		743A71DA2A4C6D2900102D27 /* msx2def.h */ = {isa = PBXFileReference; fileEncoding = 4; lastKnownFileType = sourcecode.c.h; name = msx2def.h; path = src/core/msx2def.h; sourceTree = SOURCE_ROOT; };
		743A71DB2A4C6D2900102D27 /* msx2.hpp */ = {isa = PBXFileReference; fileEncoding = 4; lastKnownFileType = sourcecode.cpp.h; name = msx2.hpp; path = src/core/msx2.hpp; sourceTree = SOURCE_ROOT; };
		743A71DC2A4C6D2900102D27 /* msx2clock.hpp */ = {isa = PBXFileReference; fileEncoding = 4; lastKnownFileType = sourcecode.cpp.h; name = msx2clock.hpp; path = src/core/msx2clock.hpp; sourceTree = SOURCE_ROOT; };
		743A71DD2A4C6D2900102D27 /* msx2kanji.hpp */ = {isa = PBXFileReference; fileEncoding = 4; lastKnownFileType = sourcecode.cpp.h; name = msx2kanji.hpp; path = src/core/msx2kanji.hpp; sourceTree = SOURCE_ROOT; };
		743A71DE2A4C6D2900102D27 /* scc.hpp */ = {isa = PBXFileReference; fileEncoding = 4; lastKnownFileType = sourcecode.cpp.h; name = scc.hpp; path = src/core/scc.hpp; sourceTree = SOURCE_ROOT; };
		743A71DF2A4C6D2900102D27 /* ay8910.hpp */ = {isa = PBXFileReference; fileEncoding = 4; lastKnownFileType = sourcecode.cpp.h; name = ay8910.hpp; path = src/core/ay8910.hpp; sourceTree = SOURCE_ROOT; };
		743A71E02A4C6D2900102D27 /* tc8566af.hpp */ = {isa = PBXFileReference; fileEncoding = 4; lastKnownFileType = sourcecode.cpp.h; name = tc8566af.hpp; path = src/core/tc8566af.hpp; sourceTree = SOURCE_ROOT; };
		743A71E12A4C6D2900102D27 /* v9958.hpp */ = {isa = PBXFileReference; fileEncoding = 4; lastKnownFileType = sourcecode.cpp.h; name = v9958.hpp; path = src/core/v9958.hpp; sourceTree = SOURCE_ROOT; };
		743A71E22A4C6D2900102D27 /* emu2413.h */ = {isa = PBXFileReference; fileEncoding = 4; lastKnownFileType = sourcecode.c.h; name = emu2413.h; path = src/core/emu2413.h; sourceTree = SOURCE_ROOT; };
		7444CC9F29E000FB001CBA91 /* cbios_main_msx2+_jp.rom */ = {isa = PBXFileReference; lastKnownFileType = file; path = "cbios_main_msx2+_jp.rom"; sourceTree = "<group>"; };
		7444CCA129E000FB001CBA91 /* cbios_music.rom */ = {isa = PBXFileReference; lastKnownFileType = file; path = cbios_music.rom; sourceTree = "<group>"; };
		7444CCA229E000FB001CBA91 /* cbios_basic.rom */ = {isa = PBXFileReference; lastKnownFileType = file; path = cbios_basic.rom; sourceTree = "<group>"; };
		7444CCA329E000FB001CBA91 /* cbios_disk.rom */ = {isa = PBXFileReference; lastKnownFileType = file; path = cbios_disk.rom; sourceTree = "<group>"; };
		7444CCA429E000FB001CBA91 /* cbios_logo_msx2+.rom */ = {isa = PBXFileReference; lastKnownFileType = file; path = "cbios_logo_msx2+.rom"; sourceTree = "<group>"; };
		7444CCAB29E4DDD2001CBA91 /* cbios_sub.rom */ = {isa = PBXFileReference; lastKnownFileType = file; path = cbios_sub.rom; sourceTree = "<group>"; };
		748D22A7297E652600B504AF /* msx2-osx.app */ = {isa = PBXFileReference; explicitFileType = wrapper.application; includeInIndex = 0; path = "msx2-osx.app"; sourceTree = BUILT_PRODUCTS_DIR; };
		748D22AA297E652600B504AF /* AppDelegate.h */ = {isa = PBXFileReference; lastKnownFileType = sourcecode.c.h; path = AppDelegate.h; sourceTree = "<group>"; };
		748D22AB297E652600B504AF /* AppDelegate.m */ = {isa = PBXFileReference; lastKnownFileType = sourcecode.c.objc; path = AppDelegate.m; sourceTree = "<group>"; };
		748D22AD297E652600B504AF /* ViewController.h */ = {isa = PBXFileReference; lastKnownFileType = sourcecode.c.h; path = ViewController.h; sourceTree = "<group>"; };
		748D22AE297E652600B504AF /* ViewController.m */ = {isa = PBXFileReference; lastKnownFileType = sourcecode.c.objc; path = ViewController.m; sourceTree = "<group>"; };
		748D22B0297E652800B504AF /* Assets.xcassets */ = {isa = PBXFileReference; lastKnownFileType = folder.assetcatalog; path = Assets.xcassets; sourceTree = "<group>"; };
		748D22B3297E652800B504AF /* Base */ = {isa = PBXFileReference; lastKnownFileType = file.storyboard; name = Base; path = Base.lproj/Main.storyboard; sourceTree = "<group>"; };
		748D22B5297E652800B504AF /* main.m */ = {isa = PBXFileReference; lastKnownFileType = sourcecode.c.objc; path = main.m; sourceTree = "<group>"; };
		748D22B7297E652800B504AF /* msx2_osx.entitlements */ = {isa = PBXFileReference; lastKnownFileType = text.plist.entitlements; path = msx2_osx.entitlements; sourceTree = "<group>"; };
		748D22C3297E758C00B504AF /* VideoView.h */ = {isa = PBXFileReference; lastKnownFileType = sourcecode.c.h; path = VideoView.h; sourceTree = "<group>"; };
		748D22C4297E758C00B504AF /* VideoView.m */ = {isa = PBXFileReference; lastKnownFileType = sourcecode.c.objc; path = VideoView.m; sourceTree = "<group>"; };
		748D22C6297E75C800B504AF /* VideoLayer.h */ = {isa = PBXFileReference; lastKnownFileType = sourcecode.c.h; path = VideoLayer.h; sourceTree = "<group>"; };
		748D22C7297E75C800B504AF /* VideoLayer.m */ = {isa = PBXFileReference; lastKnownFileType = sourcecode.c.objc; path = VideoLayer.m; sourceTree = "<group>"; };
		748D22C9297E760700B504AF /* constants.h */ = {isa = PBXFileReference; lastKnownFileType = sourcecode.c.h; path = constants.h; sourceTree = "<group>"; };
		748D22CA297E768D00B504AF /* emu.cpp */ = {isa = PBXFileReference; lastKnownFileType = sourcecode.cpp.cpp; path = emu.cpp; sourceTree = "<group>"; };
		748D22CB297E768D00B504AF /* emu.h */ = {isa = PBXFileReference; lastKnownFileType = sourcecode.c.h; path = emu.h; sourceTree = "<group>"; };
		748D22CE297E7E2D00B504AF /* KNJDRV.ROM */ = {isa = PBXFileReference; lastKnownFileType = file; path = KNJDRV.ROM; sourceTree = "<group>"; };
		748D22CF297E7E2D00B504AF /* MSX2PEXT.ROM */ = {isa = PBXFileReference; lastKnownFileType = file; path = MSX2PEXT.ROM; sourceTree = "<group>"; };
		748D22D0297E7E2D00B504AF /* FMBIOS.ROM */ = {isa = PBXFileReference; lastKnownFileType = file; path = FMBIOS.ROM; sourceTree = "<group>"; };
		748D22D1297E7E2D00B504AF /* MSXDOS2.ROM */ = {isa = PBXFileReference; lastKnownFileType = file; path = MSXDOS2.ROM; sourceTree = "<group>"; };
		748D22D2297E7E2D00B504AF /* KNJFNT16.ROM */ = {isa = PBXFileReference; lastKnownFileType = file; path = KNJFNT16.ROM; sourceTree = "<group>"; };
		748D22D3297E7E2D00B504AF /* MSX2P.ROM */ = {isa = PBXFileReference; lastKnownFileType = file; path = MSX2P.ROM; sourceTree = "<group>"; };
		748D22D4297E7E2E00B504AF /* DISK.ROM */ = {isa = PBXFileReference; lastKnownFileType = file; path = DISK.ROM; sourceTree = "<group>"; };
		748D22D5297E7E2E00B504AF /* MSX2.ROM */ = {isa = PBXFileReference; lastKnownFileType = file; path = MSX2.ROM; sourceTree = "<group>"; };
		748D22D6297E7E2E00B504AF /* MSX2EXT.ROM */ = {isa = PBXFileReference; lastKnownFileType = text; path = MSX2EXT.ROM; sourceTree = "<group>"; };
		748D22E4297FB69800B504AF /* cbios_main_msx2_jp.rom */ = {isa = PBXFileReference; lastKnownFileType = file; path = cbios_main_msx2_jp.rom; sourceTree = "<group>"; };
/* End PBXFileReference section */

/* Begin PBXFrameworksBuildPhase section */
		748D22A4297E652600B504AF /* Frameworks */ = {
			isa = PBXFrameworksBuildPhase;
			buildActionMask = 2147483647;
			files = (
			);
			runOnlyForDeploymentPostprocessing = 0;
		};
/* End PBXFrameworksBuildPhase section */

/* Begin PBXGroup section */
		743A71C82A4C6D0200102D27 /* lz4 */ = {
			isa = PBXGroup;
			children = (
				743A71CE2A4C6D1C00102D27 /* lz4.c */,
				743A71CA2A4C6D1C00102D27 /* lz4.h */,
				743A71CD2A4C6D1C00102D27 /* lz4frame_static.h */,
				743A71D02A4C6D1C00102D27 /* lz4frame.c */,
				743A71CC2A4C6D1C00102D27 /* lz4frame.h */,
				743A71CB2A4C6D1C00102D27 /* lz4hc.c */,
				743A71D12A4C6D1C00102D27 /* lz4hc.h */,
				743A71D22A4C6D1C00102D27 /* xxhash.c */,
				743A71CF2A4C6D1C00102D27 /* xxhash.h */,
			);
			path = lz4;
			sourceTree = "<group>";
		};
		743A71C92A4C6D0900102D27 /* core */ = {
			isa = PBXGroup;
			children = (
				743A71DF2A4C6D2900102D27 /* ay8910.hpp */,
				743A71D72A4C6D2900102D27 /* emu2413.c */,
				743A71E22A4C6D2900102D27 /* emu2413.h */,
				743A71DB2A4C6D2900102D27 /* msx2.hpp */,
				743A71DC2A4C6D2900102D27 /* msx2clock.hpp */,
				743A71DA2A4C6D2900102D27 /* msx2def.h */,
				743A71DD2A4C6D2900102D27 /* msx2kanji.hpp */,
				743A71D92A4C6D2900102D27 /* msx2mmu.hpp */,
				743A71DE2A4C6D2900102D27 /* scc.hpp */,
				743A71E02A4C6D2900102D27 /* tc8566af.hpp */,
				743A71E12A4C6D2900102D27 /* v9958.hpp */,
				743A71D82A4C6D2900102D27 /* z80.hpp */,
			);
			path = core;
			sourceTree = "<group>";
		};
		748D229E297E652600B504AF = {
			isa = PBXGroup;
			children = (
				748D22A9297E652600B504AF /* msx2-osx */,
				748D22A8297E652600B504AF /* Products */,
			);
			sourceTree = "<group>";
		};
		748D22A8297E652600B504AF /* Products */ = {
			isa = PBXGroup;
			children = (
				748D22A7297E652600B504AF /* msx2-osx.app */,
			);
			name = Products;
			sourceTree = "<group>";
		};
		748D22A9297E652600B504AF /* msx2-osx */ = {
			isa = PBXGroup;
			children = (
				743A71C92A4C6D0900102D27 /* core */,
				743A71C82A4C6D0200102D27 /* lz4 */,
				748D22CD297E7E0000B504AF /* bios */,
				748D22AA297E652600B504AF /* AppDelegate.h */,
				748D22AB297E652600B504AF /* AppDelegate.m */,
				748D22AD297E652600B504AF /* ViewController.h */,
				748D22AE297E652600B504AF /* ViewController.m */,
				748D22C3297E758C00B504AF /* VideoView.h */,
				748D22C4297E758C00B504AF /* VideoView.m */,
				748D22C6297E75C800B504AF /* VideoLayer.h */,
				748D22C7297E75C800B504AF /* VideoLayer.m */,
				741A1E39299DA885001AE497 /* vgsspu_al.c */,
				741A1E38299DA885001AE497 /* vgsspu_al.h */,
				748D22CA297E768D00B504AF /* emu.cpp */,
				748D22CB297E768D00B504AF /* emu.h */,
				748D22C9297E760700B504AF /* constants.h */,
				748D22B0297E652800B504AF /* Assets.xcassets */,
				748D22B2297E652800B504AF /* Main.storyboard */,
				748D22B5297E652800B504AF /* main.m */,
				748D22B7297E652800B504AF /* msx2_osx.entitlements */,
			);
			path = "msx2-osx";
			sourceTree = "<group>";
		};
		748D22CD297E7E0000B504AF /* bios */ = {
			isa = PBXGroup;
			children = (
				7444CCA229E000FB001CBA91 /* cbios_basic.rom */,
				7444CCA329E000FB001CBA91 /* cbios_disk.rom */,
				7444CCA429E000FB001CBA91 /* cbios_logo_msx2+.rom */,
				7444CC9F29E000FB001CBA91 /* cbios_main_msx2+_jp.rom */,
				7444CCAB29E4DDD2001CBA91 /* cbios_sub.rom */,
				7444CCA129E000FB001CBA91 /* cbios_music.rom */,
				748D22E4297FB69800B504AF /* cbios_main_msx2_jp.rom */,
				7407A1D329834DB500D59AA5 /* cbios_logo_msx2.rom */,
				748D22D4297E7E2E00B504AF /* DISK.ROM */,
				748D22D0297E7E2D00B504AF /* FMBIOS.ROM */,
				748D22CE297E7E2D00B504AF /* KNJDRV.ROM */,
				748D22D2297E7E2D00B504AF /* KNJFNT16.ROM */,
				748D22D5297E7E2E00B504AF /* MSX2.ROM */,
				748D22D6297E7E2E00B504AF /* MSX2EXT.ROM */,
				748D22D3297E7E2D00B504AF /* MSX2P.ROM */,
				748D22CF297E7E2D00B504AF /* MSX2PEXT.ROM */,
				748D22D1297E7E2D00B504AF /* MSXDOS2.ROM */,
			);
			path = bios;
			sourceTree = "<group>";
		};
/* End PBXGroup section */

/* Begin PBXNativeTarget section */
		748D22A6297E652600B504AF /* msx2-osx */ = {
			isa = PBXNativeTarget;
			buildConfigurationList = 748D22BA297E652800B504AF /* Build configuration list for PBXNativeTarget "msx2-osx" */;
			buildPhases = (
				748D22A3297E652600B504AF /* Sources */,
				748D22A4297E652600B504AF /* Frameworks */,
				748D22A5297E652600B504AF /* Resources */,
			);
			buildRules = (
			);
			dependencies = (
			);
			name = "msx2-osx";
			productName = "msx2-osx";
			productReference = 748D22A7297E652600B504AF /* msx2-osx.app */;
			productType = "com.apple.product-type.application";
		};
/* End PBXNativeTarget section */

/* Begin PBXProject section */
		748D229F297E652600B504AF /* Project object */ = {
			isa = PBXProject;
			attributes = {
				BuildIndependentTargetsInParallel = 1;
				LastUpgradeCheck = 1430;
				TargetAttributes = {
					748D22A6297E652600B504AF = {
						CreatedOnToolsVersion = 14.2;
					};
				};
			};
			buildConfigurationList = 748D22A2297E652600B504AF /* Build configuration list for PBXProject "msx2-osx" */;
			compatibilityVersion = "Xcode 14.0";
			developmentRegion = en;
			hasScannedForEncodings = 0;
			knownRegions = (
				en,
				Base,
			);
			mainGroup = 748D229E297E652600B504AF;
			productRefGroup = 748D22A8297E652600B504AF /* Products */;
			projectDirPath = "";
			projectRoot = "";
			targets = (
				748D22A6297E652600B504AF /* msx2-osx */,
			);
		};
/* End PBXProject section */

/* Begin PBXResourcesBuildPhase section */
		748D22A5297E652600B504AF /* Resources */ = {
			isa = PBXResourcesBuildPhase;
			buildActionMask = 2147483647;
			files = (
				748D22D8297E7E2E00B504AF /* KNJDRV.ROM in Resources */,
				7444CCAA29E000FB001CBA91 /* cbios_logo_msx2+.rom in Resources */,
				748D22E5297FB69800B504AF /* cbios_main_msx2_jp.rom in Resources */,
				748D22DF297E7E2E00B504AF /* MSX2.ROM in Resources */,
				748D22DC297E7E2E00B504AF /* KNJFNT16.ROM in Resources */,
				748D22DD297E7E2E00B504AF /* MSX2P.ROM in Resources */,
				7444CCA529E000FB001CBA91 /* cbios_main_msx2+_jp.rom in Resources */,
				7444CCA929E000FB001CBA91 /* cbios_disk.rom in Resources */,
				748D22DA297E7E2E00B504AF /* FMBIOS.ROM in Resources */,
				7444CCAC29E4DDD2001CBA91 /* cbios_sub.rom in Resources */,
				748D22DE297E7E2E00B504AF /* DISK.ROM in Resources */,
				7407A1D529834DB500D59AA5 /* cbios_logo_msx2.rom in Resources */,
				7444CCA729E000FB001CBA91 /* cbios_music.rom in Resources */,
				748D22DB297E7E2E00B504AF /* MSXDOS2.ROM in Resources */,
				748D22B1297E652800B504AF /* Assets.xcassets in Resources */,
				748D22E0297E7E2E00B504AF /* MSX2EXT.ROM in Resources */,
				7444CCA829E000FB001CBA91 /* cbios_basic.rom in Resources */,
				748D22D9297E7E2E00B504AF /* MSX2PEXT.ROM in Resources */,
				748D22B4297E652800B504AF /* Main.storyboard in Resources */,
			);
			runOnlyForDeploymentPostprocessing = 0;
		};
/* End PBXResourcesBuildPhase section */

/* Begin PBXSourcesBuildPhase section */
		748D22A3297E652600B504AF /* Sources */ = {
			isa = PBXSourcesBuildPhase;
			buildActionMask = 2147483647;
			files = (
				748D22C5297E758C00B504AF /* VideoView.m in Sources */,
				748D22AF297E652600B504AF /* ViewController.m in Sources */,
				748D22B6297E652800B504AF /* main.m in Sources */,
				741A1E3A299DA885001AE497 /* vgsspu_al.c in Sources */,
				748D22CC297E768D00B504AF /* emu.cpp in Sources */,
				743A71D32A4C6D1C00102D27 /* lz4hc.c in Sources */,
				743A71D52A4C6D1C00102D27 /* lz4frame.c in Sources */,
				743A71D42A4C6D1C00102D27 /* lz4.c in Sources */,
				748D22AC297E652600B504AF /* AppDelegate.m in Sources */,
				748D22C8297E75C800B504AF /* VideoLayer.m in Sources */,
				743A71D62A4C6D1C00102D27 /* xxhash.c in Sources */,
				743A71E32A4C6D2900102D27 /* emu2413.c in Sources */,
			);
			runOnlyForDeploymentPostprocessing = 0;
		};
/* End PBXSourcesBuildPhase section */

/* Begin PBXVariantGroup section */
		748D22B2297E652800B504AF /* Main.storyboard */ = {
			isa = PBXVariantGroup;
			children = (
				748D22B3297E652800B504AF /* Base */,
			);
			name = Main.storyboard;
			sourceTree = "<group>";
		};
/* End PBXVariantGroup section */

/* Begin XCBuildConfiguration section */
		748D22B8297E652800B504AF /* Debug */ = {
			isa = XCBuildConfiguration;
			buildSettings = {
				ALWAYS_SEARCH_USER_PATHS = NO;
				CLANG_ANALYZER_NONNULL = YES;
				CLANG_ANALYZER_NUMBER_OBJECT_CONVERSION = YES_AGGRESSIVE;
				CLANG_CXX_LANGUAGE_STANDARD = "gnu++20";
				CLANG_ENABLE_MODULES = YES;
				CLANG_ENABLE_OBJC_ARC = YES;
				CLANG_ENABLE_OBJC_WEAK = YES;
				CLANG_WARN_BLOCK_CAPTURE_AUTORELEASING = YES;
				CLANG_WARN_BOOL_CONVERSION = YES;
				CLANG_WARN_COMMA = YES;
				CLANG_WARN_CONSTANT_CONVERSION = YES;
				CLANG_WARN_DEPRECATED_OBJC_IMPLEMENTATIONS = YES;
				CLANG_WARN_DIRECT_OBJC_ISA_USAGE = YES_ERROR;
				CLANG_WARN_DOCUMENTATION_COMMENTS = YES;
				CLANG_WARN_EMPTY_BODY = YES;
				CLANG_WARN_ENUM_CONVERSION = YES;
				CLANG_WARN_INFINITE_RECURSION = YES;
				CLANG_WARN_INT_CONVERSION = YES;
				CLANG_WARN_NON_LITERAL_NULL_CONVERSION = YES;
				CLANG_WARN_OBJC_IMPLICIT_RETAIN_SELF = YES;
				CLANG_WARN_OBJC_LITERAL_CONVERSION = YES;
				CLANG_WARN_OBJC_ROOT_CLASS = YES_ERROR;
				CLANG_WARN_QUOTED_INCLUDE_IN_FRAMEWORK_HEADER = YES;
				CLANG_WARN_RANGE_LOOP_ANALYSIS = YES;
				CLANG_WARN_STRICT_PROTOTYPES = YES;
				CLANG_WARN_SUSPICIOUS_MOVE = YES;
				CLANG_WARN_UNGUARDED_AVAILABILITY = YES_AGGRESSIVE;
				CLANG_WARN_UNREACHABLE_CODE = YES;
				CLANG_WARN__DUPLICATE_METHOD_MATCH = YES;
				COPY_PHASE_STRIP = NO;
				DEAD_CODE_STRIPPING = YES;
				DEBUG_INFORMATION_FORMAT = dwarf;
				ENABLE_STRICT_OBJC_MSGSEND = YES;
				ENABLE_TESTABILITY = YES;
				GCC_C_LANGUAGE_STANDARD = gnu11;
				GCC_DYNAMIC_NO_PIC = NO;
				GCC_NO_COMMON_BLOCKS = YES;
				GCC_OPTIMIZATION_LEVEL = 0;
				GCC_PREPROCESSOR_DEFINITIONS = (
					"DEBUG=1",
					"$(inherited)",
				);
				GCC_WARN_64_TO_32_BIT_CONVERSION = YES;
				GCC_WARN_ABOUT_RETURN_TYPE = YES_ERROR;
				GCC_WARN_UNDECLARED_SELECTOR = YES;
				GCC_WARN_UNINITIALIZED_AUTOS = YES_AGGRESSIVE;
				GCC_WARN_UNUSED_FUNCTION = YES;
				GCC_WARN_UNUSED_VARIABLE = YES;
				MACOSX_DEPLOYMENT_TARGET = 12.6;
				MTL_ENABLE_DEBUG_INFO = INCLUDE_SOURCE;
				MTL_FAST_MATH = YES;
				ONLY_ACTIVE_ARCH = YES;
				SDKROOT = macosx;
			};
			name = Debug;
		};
		748D22B9297E652800B504AF /* Release */ = {
			isa = XCBuildConfiguration;
			buildSettings = {
				ALWAYS_SEARCH_USER_PATHS = NO;
				CLANG_ANALYZER_NONNULL = YES;
				CLANG_ANALYZER_NUMBER_OBJECT_CONVERSION = YES_AGGRESSIVE;
				CLANG_CXX_LANGUAGE_STANDARD = "gnu++20";
				CLANG_ENABLE_MODULES = YES;
				CLANG_ENABLE_OBJC_ARC = YES;
				CLANG_ENABLE_OBJC_WEAK = YES;
				CLANG_WARN_BLOCK_CAPTURE_AUTORELEASING = YES;
				CLANG_WARN_BOOL_CONVERSION = YES;
				CLANG_WARN_COMMA = YES;
				CLANG_WARN_CONSTANT_CONVERSION = YES;
				CLANG_WARN_DEPRECATED_OBJC_IMPLEMENTATIONS = YES;
				CLANG_WARN_DIRECT_OBJC_ISA_USAGE = YES_ERROR;
				CLANG_WARN_DOCUMENTATION_COMMENTS = YES;
				CLANG_WARN_EMPTY_BODY = YES;
				CLANG_WARN_ENUM_CONVERSION = YES;
				CLANG_WARN_INFINITE_RECURSION = YES;
				CLANG_WARN_INT_CONVERSION = YES;
				CLANG_WARN_NON_LITERAL_NULL_CONVERSION = YES;
				CLANG_WARN_OBJC_IMPLICIT_RETAIN_SELF = YES;
				CLANG_WARN_OBJC_LITERAL_CONVERSION = YES;
				CLANG_WARN_OBJC_ROOT_CLASS = YES_ERROR;
				CLANG_WARN_QUOTED_INCLUDE_IN_FRAMEWORK_HEADER = YES;
				CLANG_WARN_RANGE_LOOP_ANALYSIS = YES;
				CLANG_WARN_STRICT_PROTOTYPES = YES;
				CLANG_WARN_SUSPICIOUS_MOVE = YES;
				CLANG_WARN_UNGUARDED_AVAILABILITY = YES_AGGRESSIVE;
				CLANG_WARN_UNREACHABLE_CODE = YES;
				CLANG_WARN__DUPLICATE_METHOD_MATCH = YES;
				COPY_PHASE_STRIP = NO;
				DEAD_CODE_STRIPPING = YES;
				DEBUG_INFORMATION_FORMAT = "dwarf-with-dsym";
				ENABLE_NS_ASSERTIONS = NO;
				ENABLE_STRICT_OBJC_MSGSEND = YES;
				GCC_C_LANGUAGE_STANDARD = gnu11;
				GCC_NO_COMMON_BLOCKS = YES;
				GCC_WARN_64_TO_32_BIT_CONVERSION = YES;
				GCC_WARN_ABOUT_RETURN_TYPE = YES_ERROR;
				GCC_WARN_UNDECLARED_SELECTOR = YES;
				GCC_WARN_UNINITIALIZED_AUTOS = YES_AGGRESSIVE;
				GCC_WARN_UNUSED_FUNCTION = YES;
				GCC_WARN_UNUSED_VARIABLE = YES;
				MACOSX_DEPLOYMENT_TARGET = 12.6;
				MTL_ENABLE_DEBUG_INFO = NO;
				MTL_FAST_MATH = YES;
				SDKROOT = macosx;
			};
			name = Release;
		};
		748D22BB297E652800B504AF /* Debug */ = {
			isa = XCBuildConfiguration;
			buildSettings = {
				ASSETCATALOG_COMPILER_APPICON_NAME = AppIcon;
				ASSETCATALOG_COMPILER_GLOBAL_ACCENT_COLOR_NAME = AccentColor;
				CODE_SIGN_ENTITLEMENTS = "msx2-osx/msx2_osx.entitlements";
				CODE_SIGN_STYLE = Automatic;
				COMBINE_HIDPI_IMAGES = YES;
				CURRENT_PROJECT_VERSION = 1;
				DEAD_CODE_STRIPPING = YES;
				GCC_OPTIMIZATION_LEVEL = s;
				GENERATE_INFOPLIST_FILE = YES;
				INFOPLIST_KEY_NSHumanReadableCopyright = "";
				INFOPLIST_KEY_NSMainStoryboardFile = Main;
				INFOPLIST_KEY_NSPrincipalClass = NSApplication;
				LD_RUNPATH_SEARCH_PATHS = (
					"$(inherited)",
					"@executable_path/../Frameworks",
				);
				MARKETING_VERSION = 1.0;
				PRODUCT_BUNDLE_IDENTIFIER = "com.suzukiplan.msx2-osx";
				PRODUCT_NAME = "$(TARGET_NAME)";
				SWIFT_EMIT_LOC_STRINGS = YES;
			};
			name = Debug;
		};
		748D22BC297E652800B504AF /* Release */ = {
			isa = XCBuildConfiguration;
			buildSettings = {
				ASSETCATALOG_COMPILER_APPICON_NAME = AppIcon;
				ASSETCATALOG_COMPILER_GLOBAL_ACCENT_COLOR_NAME = AccentColor;
				CODE_SIGN_ENTITLEMENTS = "msx2-osx/msx2_osx.entitlements";
				CODE_SIGN_STYLE = Automatic;
				COMBINE_HIDPI_IMAGES = YES;
				CURRENT_PROJECT_VERSION = 1;
				DEAD_CODE_STRIPPING = YES;
				GENERATE_INFOPLIST_FILE = YES;
				INFOPLIST_KEY_NSHumanReadableCopyright = "";
				INFOPLIST_KEY_NSMainStoryboardFile = Main;
				INFOPLIST_KEY_NSPrincipalClass = NSApplication;
				LD_RUNPATH_SEARCH_PATHS = (
					"$(inherited)",
					"@executable_path/../Frameworks",
				);
				MARKETING_VERSION = 1.0;
				PRODUCT_BUNDLE_IDENTIFIER = "com.suzukiplan.msx2-osx";
				PRODUCT_NAME = "$(TARGET_NAME)";
				SWIFT_EMIT_LOC_STRINGS = YES;
			};
			name = Release;
		};
/* End XCBuildConfiguration section */

/* Begin XCConfigurationList section */
		748D22A2297E652600B504AF /* Build configuration list for PBXProject "msx2-osx" */ = {
			isa = XCConfigurationList;
			buildConfigurations = (
				748D22B8297E652800B504AF /* Debug */,
				748D22B9297E652800B504AF /* Release */,
			);
			defaultConfigurationIsVisible = 0;
			defaultConfigurationName = Release;
		};
		748D22BA297E652800B504AF /* Build configuration list for PBXNativeTarget "msx2-osx" */ = {
			isa = XCConfigurationList;
			buildConfigurations = (
				748D22BB297E652800B504AF /* Debug */,
				748D22BC297E652800B504AF /* Release */,
			);
			defaultConfigurationIsVisible = 0;
			defaultConfigurationName = Release;
		};
/* End XCConfigurationList section */
	};
	rootObject = 748D229F297E652600B504AF /* Project object */;
}
