// !$*UTF8*$!
{
	archiveVersion = 1;
	classes = {
	};
	objectVersion = 56;
	objects = {

/* Begin PBXBuildFile section */
		749395842A7B6AB6007B9DAA /* AppDelegate.m in Sources */ = {isa = PBXBuildFile; fileRef = 749395832A7B6AB6007B9DAA /* AppDelegate.m */; };
		749395872A7B6AB6007B9DAA /* ViewController.m in Sources */ = {isa = PBXBuildFile; fileRef = 749395862A7B6AB6007B9DAA /* ViewController.m */; };
		749395892A7B6AB8007B9DAA /* Assets.xcassets in Resources */ = {isa = PBXBuildFile; fileRef = 749395882A7B6AB8007B9DAA /* Assets.xcassets */; };
		7493958C2A7B6AB8007B9DAA /* Main.storyboard in Resources */ = {isa = PBXBuildFile; fileRef = 7493958A2A7B6AB8007B9DAA /* Main.storyboard */; };
		7493958E2A7B6AB8007B9DAA /* main.m in Sources */ = {isa = PBXBuildFile; fileRef = 7493958D2A7B6AB8007B9DAA /* main.m */; };
		7493959E2A7B6C36007B9DAA /* VideoLayer.m in Sources */ = {isa = PBXBuildFile; fileRef = 7493959D2A7B6C36007B9DAA /* VideoLayer.m */; };
		749395A22A7B6CB0007B9DAA /* emu.cpp in Sources */ = {isa = PBXBuildFile; fileRef = 749395A02A7B6CB0007B9DAA /* emu.cpp */; };
		749395A52A7B6D9E007B9DAA /* VideoView.m in Sources */ = {isa = PBXBuildFile; fileRef = 749395A42A7B6D9E007B9DAA /* VideoView.m */; };
		749395B02A7B70CB007B9DAA /* vgsspu_al.c in Sources */ = {isa = PBXBuildFile; fileRef = 749395AF2A7B70CB007B9DAA /* vgsspu_al.c */; };
		749395B32A7B73ED007B9DAA /* cbios_main_msx1.rom in Resources */ = {isa = PBXBuildFile; fileRef = 749395B12A7B73ED007B9DAA /* cbios_main_msx1.rom */; };
		749395B42A7B73ED007B9DAA /* cbios_logo_msx1.rom in Resources */ = {isa = PBXBuildFile; fileRef = 749395B22A7B73ED007B9DAA /* cbios_logo_msx1.rom */; };
/* End PBXBuildFile section */

/* Begin PBXFileReference section */
		7493957F2A7B6AB6007B9DAA /* msx1-osx.app */ = {isa = PBXFileReference; explicitFileType = wrapper.application; includeInIndex = 0; path = "msx1-osx.app"; sourceTree = BUILT_PRODUCTS_DIR; };
		749395822A7B6AB6007B9DAA /* AppDelegate.h */ = {isa = PBXFileReference; lastKnownFileType = sourcecode.c.h; path = AppDelegate.h; sourceTree = "<group>"; };
		749395832A7B6AB6007B9DAA /* AppDelegate.m */ = {isa = PBXFileReference; lastKnownFileType = sourcecode.c.objc; path = AppDelegate.m; sourceTree = "<group>"; };
		749395852A7B6AB6007B9DAA /* ViewController.h */ = {isa = PBXFileReference; lastKnownFileType = sourcecode.c.h; path = ViewController.h; sourceTree = "<group>"; };
		749395862A7B6AB6007B9DAA /* ViewController.m */ = {isa = PBXFileReference; lastKnownFileType = sourcecode.c.objc; path = ViewController.m; sourceTree = "<group>"; };
		749395882A7B6AB8007B9DAA /* Assets.xcassets */ = {isa = PBXFileReference; lastKnownFileType = folder.assetcatalog; path = Assets.xcassets; sourceTree = "<group>"; };
		7493958B2A7B6AB8007B9DAA /* Base */ = {isa = PBXFileReference; lastKnownFileType = file.storyboard; name = Base; path = Base.lproj/Main.storyboard; sourceTree = "<group>"; };
		7493958D2A7B6AB8007B9DAA /* main.m */ = {isa = PBXFileReference; lastKnownFileType = sourcecode.c.objc; path = main.m; sourceTree = "<group>"; };
		7493958F2A7B6AB8007B9DAA /* msx1_osx.entitlements */ = {isa = PBXFileReference; lastKnownFileType = text.plist.entitlements; path = msx1_osx.entitlements; sourceTree = "<group>"; };
		749395962A7B6BC5007B9DAA /* z80.hpp */ = {isa = PBXFileReference; fileEncoding = 4; lastKnownFileType = sourcecode.cpp.h; name = z80.hpp; path = src1/z80.hpp; sourceTree = SOURCE_ROOT; };
		749395972A7B6BC5007B9DAA /* msx1.hpp */ = {isa = PBXFileReference; fileEncoding = 4; lastKnownFileType = sourcecode.cpp.h; name = msx1.hpp; path = src1/msx1.hpp; sourceTree = SOURCE_ROOT; };
		749395982A7B6BC5007B9DAA /* msx1mmu.hpp */ = {isa = PBXFileReference; fileEncoding = 4; lastKnownFileType = sourcecode.cpp.h; name = msx1mmu.hpp; path = src1/msx1mmu.hpp; sourceTree = SOURCE_ROOT; };
		749395992A7B6BC5007B9DAA /* ay8910.hpp */ = {isa = PBXFileReference; fileEncoding = 4; lastKnownFileType = sourcecode.cpp.h; name = ay8910.hpp; path = src1/ay8910.hpp; sourceTree = SOURCE_ROOT; };
		7493959A2A7B6BC5007B9DAA /* msx1def.h */ = {isa = PBXFileReference; fileEncoding = 4; lastKnownFileType = sourcecode.c.h; name = msx1def.h; path = src1/msx1def.h; sourceTree = SOURCE_ROOT; };
		7493959B2A7B6BC5007B9DAA /* tms9918a.hpp */ = {isa = PBXFileReference; fileEncoding = 4; lastKnownFileType = sourcecode.cpp.h; name = tms9918a.hpp; path = src1/tms9918a.hpp; sourceTree = SOURCE_ROOT; };
		7493959C2A7B6C36007B9DAA /* VideoLayer.h */ = {isa = PBXFileReference; lastKnownFileType = sourcecode.c.h; path = VideoLayer.h; sourceTree = "<group>"; };
		7493959D2A7B6C36007B9DAA /* VideoLayer.m */ = {isa = PBXFileReference; lastKnownFileType = sourcecode.c.objc; path = VideoLayer.m; sourceTree = "<group>"; };
		7493959F2A7B6C70007B9DAA /* constants.h */ = {isa = PBXFileReference; lastKnownFileType = sourcecode.c.h; path = constants.h; sourceTree = "<group>"; };
		749395A02A7B6CB0007B9DAA /* emu.cpp */ = {isa = PBXFileReference; lastKnownFileType = sourcecode.cpp.cpp; path = emu.cpp; sourceTree = "<group>"; };
		749395A12A7B6CB0007B9DAA /* emu.h */ = {isa = PBXFileReference; lastKnownFileType = sourcecode.c.h; path = emu.h; sourceTree = "<group>"; };
		749395A32A7B6D9E007B9DAA /* VideoView.h */ = {isa = PBXFileReference; lastKnownFileType = sourcecode.c.h; path = VideoView.h; sourceTree = "<group>"; };
		749395A42A7B6D9E007B9DAA /* VideoView.m */ = {isa = PBXFileReference; lastKnownFileType = sourcecode.c.objc; path = VideoView.m; sourceTree = "<group>"; };
		749395AE2A7B70CB007B9DAA /* vgsspu_al.h */ = {isa = PBXFileReference; lastKnownFileType = sourcecode.c.h; path = vgsspu_al.h; sourceTree = "<group>"; };
		749395AF2A7B70CB007B9DAA /* vgsspu_al.c */ = {isa = PBXFileReference; lastKnownFileType = sourcecode.c.c; path = vgsspu_al.c; sourceTree = "<group>"; };
		749395B12A7B73ED007B9DAA /* cbios_main_msx1.rom */ = {isa = PBXFileReference; lastKnownFileType = file; path = cbios_main_msx1.rom; sourceTree = "<group>"; };
		749395B22A7B73ED007B9DAA /* cbios_logo_msx1.rom */ = {isa = PBXFileReference; lastKnownFileType = file; path = cbios_logo_msx1.rom; sourceTree = "<group>"; };
/* End PBXFileReference section */

/* Begin PBXFrameworksBuildPhase section */
		7493957C2A7B6AB6007B9DAA /* Frameworks */ = {
			isa = PBXFrameworksBuildPhase;
			buildActionMask = 2147483647;
			files = (
			);
			runOnlyForDeploymentPostprocessing = 0;
		};
/* End PBXFrameworksBuildPhase section */

/* Begin PBXGroup section */
		749395762A7B6AB6007B9DAA = {
			isa = PBXGroup;
			children = (
				749395812A7B6AB6007B9DAA /* msx1-osx */,
				749395802A7B6AB6007B9DAA /* Products */,
			);
			sourceTree = "<group>";
		};
		749395802A7B6AB6007B9DAA /* Products */ = {
			isa = PBXGroup;
			children = (
				7493957F2A7B6AB6007B9DAA /* msx1-osx.app */,
			);
			name = Products;
			sourceTree = "<group>";
		};
		749395812A7B6AB6007B9DAA /* msx1-osx */ = {
			isa = PBXGroup;
			children = (
				749395A62A7B7007007B9DAA /* bios */,
				749395952A7B6B9E007B9DAA /* core */,
				749395822A7B6AB6007B9DAA /* AppDelegate.h */,
				749395832A7B6AB6007B9DAA /* AppDelegate.m */,
				7493959F2A7B6C70007B9DAA /* constants.h */,
				749395A02A7B6CB0007B9DAA /* emu.cpp */,
				749395A12A7B6CB0007B9DAA /* emu.h */,
				749395AE2A7B70CB007B9DAA /* vgsspu_al.h */,
				749395AF2A7B70CB007B9DAA /* vgsspu_al.c */,
				7493959C2A7B6C36007B9DAA /* VideoLayer.h */,
				7493959D2A7B6C36007B9DAA /* VideoLayer.m */,
				749395A32A7B6D9E007B9DAA /* VideoView.h */,
				749395A42A7B6D9E007B9DAA /* VideoView.m */,
				749395852A7B6AB6007B9DAA /* ViewController.h */,
				749395862A7B6AB6007B9DAA /* ViewController.m */,
				749395882A7B6AB8007B9DAA /* Assets.xcassets */,
				7493958A2A7B6AB8007B9DAA /* Main.storyboard */,
				7493958D2A7B6AB8007B9DAA /* main.m */,
				7493958F2A7B6AB8007B9DAA /* msx1_osx.entitlements */,
			);
			path = "msx1-osx";
			sourceTree = "<group>";
		};
		749395952A7B6B9E007B9DAA /* core */ = {
			isa = PBXGroup;
			children = (
				749395992A7B6BC5007B9DAA /* ay8910.hpp */,
				749395972A7B6BC5007B9DAA /* msx1.hpp */,
				7493959A2A7B6BC5007B9DAA /* msx1def.h */,
				749395982A7B6BC5007B9DAA /* msx1mmu.hpp */,
				7493959B2A7B6BC5007B9DAA /* tms9918a.hpp */,
				749395962A7B6BC5007B9DAA /* z80.hpp */,
			);
			path = core;
			sourceTree = "<group>";
		};
		749395A62A7B7007007B9DAA /* bios */ = {
			isa = PBXGroup;
			children = (
				749395B22A7B73ED007B9DAA /* cbios_logo_msx1.rom */,
				749395B12A7B73ED007B9DAA /* cbios_main_msx1.rom */,
			);
			path = bios;
			sourceTree = "<group>";
		};
/* End PBXGroup section */

/* Begin PBXNativeTarget section */
		7493957E2A7B6AB6007B9DAA /* msx1-osx */ = {
			isa = PBXNativeTarget;
			buildConfigurationList = 749395922A7B6AB8007B9DAA /* Build configuration list for PBXNativeTarget "msx1-osx" */;
			buildPhases = (
				7493957B2A7B6AB6007B9DAA /* Sources */,
				7493957C2A7B6AB6007B9DAA /* Frameworks */,
				7493957D2A7B6AB6007B9DAA /* Resources */,
			);
			buildRules = (
			);
			dependencies = (
			);
			name = "msx1-osx";
			productName = "msx1-osx";
			productReference = 7493957F2A7B6AB6007B9DAA /* msx1-osx.app */;
			productType = "com.apple.product-type.application";
		};
/* End PBXNativeTarget section */

/* Begin PBXProject section */
		749395772A7B6AB6007B9DAA /* Project object */ = {
			isa = PBXProject;
			attributes = {
				BuildIndependentTargetsInParallel = 1;
				LastUpgradeCheck = 1430;
				TargetAttributes = {
					7493957E2A7B6AB6007B9DAA = {
						CreatedOnToolsVersion = 14.3.1;
					};
				};
			};
			buildConfigurationList = 7493957A2A7B6AB6007B9DAA /* Build configuration list for PBXProject "msx1-osx" */;
			compatibilityVersion = "Xcode 14.0";
			developmentRegion = en;
			hasScannedForEncodings = 0;
			knownRegions = (
				en,
				Base,
			);
			mainGroup = 749395762A7B6AB6007B9DAA;
			productRefGroup = 749395802A7B6AB6007B9DAA /* Products */;
			projectDirPath = "";
			projectRoot = "";
			targets = (
				7493957E2A7B6AB6007B9DAA /* msx1-osx */,
			);
		};
/* End PBXProject section */

/* Begin PBXResourcesBuildPhase section */
		7493957D2A7B6AB6007B9DAA /* Resources */ = {
			isa = PBXResourcesBuildPhase;
			buildActionMask = 2147483647;
			files = (
				749395892A7B6AB8007B9DAA /* Assets.xcassets in Resources */,
				7493958C2A7B6AB8007B9DAA /* Main.storyboard in Resources */,
				749395B32A7B73ED007B9DAA /* cbios_main_msx1.rom in Resources */,
				749395B42A7B73ED007B9DAA /* cbios_logo_msx1.rom in Resources */,
			);
			runOnlyForDeploymentPostprocessing = 0;
		};
/* End PBXResourcesBuildPhase section */

/* Begin PBXSourcesBuildPhase section */
		7493957B2A7B6AB6007B9DAA /* Sources */ = {
			isa = PBXSourcesBuildPhase;
			buildActionMask = 2147483647;
			files = (
				749395872A7B6AB6007B9DAA /* ViewController.m in Sources */,
				749395A22A7B6CB0007B9DAA /* emu.cpp in Sources */,
				7493958E2A7B6AB8007B9DAA /* main.m in Sources */,
				749395B02A7B70CB007B9DAA /* vgsspu_al.c in Sources */,
				749395842A7B6AB6007B9DAA /* AppDelegate.m in Sources */,
				749395A52A7B6D9E007B9DAA /* VideoView.m in Sources */,
				7493959E2A7B6C36007B9DAA /* VideoLayer.m in Sources */,
			);
			runOnlyForDeploymentPostprocessing = 0;
		};
/* End PBXSourcesBuildPhase section */

/* Begin PBXVariantGroup section */
		7493958A2A7B6AB8007B9DAA /* Main.storyboard */ = {
			isa = PBXVariantGroup;
			children = (
				7493958B2A7B6AB8007B9DAA /* Base */,
			);
			name = Main.storyboard;
			sourceTree = "<group>";
		};
/* End PBXVariantGroup section */

/* Begin XCBuildConfiguration section */
		749395902A7B6AB8007B9DAA /* Debug */ = {
			isa = XCBuildConfiguration;
			buildSettings = {
				ALWAYS_SEARCH_USER_PATHS = NO;
				CLANG_ANALYZER_NONNULL = YES;
				CLANG_ANALYZER_NUMBER_OBJECT_CONVERSION = YES_AGGRESSIVE;
				CLANG_CXX_LANGUAGE_STANDARD = "gnu++20";
				CLANG_ENABLE_MODULES = YES;
				CLANG_ENABLE_OBJC_ARC = YES;
				CLANG_ENABLE_OBJC_WEAK = YES;
				CLANG_WARN_BLOCK_CAPTURE_AUTORELEASING = YES;
				CLANG_WARN_BOOL_CONVERSION = YES;
				CLANG_WARN_COMMA = YES;
				CLANG_WARN_CONSTANT_CONVERSION = YES;
				CLANG_WARN_DEPRECATED_OBJC_IMPLEMENTATIONS = YES;
				CLANG_WARN_DIRECT_OBJC_ISA_USAGE = YES_ERROR;
				CLANG_WARN_DOCUMENTATION_COMMENTS = YES;
				CLANG_WARN_EMPTY_BODY = YES;
				CLANG_WARN_ENUM_CONVERSION = YES;
				CLANG_WARN_INFINITE_RECURSION = YES;
				CLANG_WARN_INT_CONVERSION = YES;
				CLANG_WARN_NON_LITERAL_NULL_CONVERSION = YES;
				CLANG_WARN_OBJC_IMPLICIT_RETAIN_SELF = YES;
				CLANG_WARN_OBJC_LITERAL_CONVERSION = YES;
				CLANG_WARN_OBJC_ROOT_CLASS = YES_ERROR;
				CLANG_WARN_QUOTED_INCLUDE_IN_FRAMEWORK_HEADER = YES;
				CLANG_WARN_RANGE_LOOP_ANALYSIS = YES;
				CLANG_WARN_STRICT_PROTOTYPES = YES;
				CLANG_WARN_SUSPICIOUS_MOVE = YES;
				CLANG_WARN_UNGUARDED_AVAILABILITY = YES_AGGRESSIVE;
				CLANG_WARN_UNREACHABLE_CODE = YES;
				CLANG_WARN__DUPLICATE_METHOD_MATCH = YES;
				COPY_PHASE_STRIP = NO;
				DEBUG_INFORMATION_FORMAT = dwarf;
				ENABLE_STRICT_OBJC_MSGSEND = YES;
				ENABLE_TESTABILITY = YES;
				GCC_C_LANGUAGE_STANDARD = gnu11;
				GCC_DYNAMIC_NO_PIC = NO;
				GCC_NO_COMMON_BLOCKS = YES;
				GCC_OPTIMIZATION_LEVEL = 0;
				GCC_PREPROCESSOR_DEFINITIONS = (
					"DEBUG=1",
					"$(inherited)",
				);
				GCC_WARN_64_TO_32_BIT_CONVERSION = YES;
				GCC_WARN_ABOUT_RETURN_TYPE = YES_ERROR;
				GCC_WARN_UNDECLARED_SELECTOR = YES;
				GCC_WARN_UNINITIALIZED_AUTOS = YES_AGGRESSIVE;
				GCC_WARN_UNUSED_FUNCTION = YES;
				GCC_WARN_UNUSED_VARIABLE = YES;
				MACOSX_DEPLOYMENT_TARGET = 13.3;
				MTL_ENABLE_DEBUG_INFO = INCLUDE_SOURCE;
				MTL_FAST_MATH = YES;
				ONLY_ACTIVE_ARCH = YES;
				SDKROOT = macosx;
			};
			name = Debug;
		};
		749395912A7B6AB8007B9DAA /* Release */ = {
			isa = XCBuildConfiguration;
			buildSettings = {
				ALWAYS_SEARCH_USER_PATHS = NO;
				CLANG_ANALYZER_NONNULL = YES;
				CLANG_ANALYZER_NUMBER_OBJECT_CONVERSION = YES_AGGRESSIVE;
				CLANG_CXX_LANGUAGE_STANDARD = "gnu++20";
				CLANG_ENABLE_MODULES = YES;
				CLANG_ENABLE_OBJC_ARC = YES;
				CLANG_ENABLE_OBJC_WEAK = YES;
				CLANG_WARN_BLOCK_CAPTURE_AUTORELEASING = YES;
				CLANG_WARN_BOOL_CONVERSION = YES;
				CLANG_WARN_COMMA = YES;
				CLANG_WARN_CONSTANT_CONVERSION = YES;
				CLANG_WARN_DEPRECATED_OBJC_IMPLEMENTATIONS = YES;
				CLANG_WARN_DIRECT_OBJC_ISA_USAGE = YES_ERROR;
				CLANG_WARN_DOCUMENTATION_COMMENTS = YES;
				CLANG_WARN_EMPTY_BODY = YES;
				CLANG_WARN_ENUM_CONVERSION = YES;
				CLANG_WARN_INFINITE_RECURSION = YES;
				CLANG_WARN_INT_CONVERSION = YES;
				CLANG_WARN_NON_LITERAL_NULL_CONVERSION = YES;
				CLANG_WARN_OBJC_IMPLICIT_RETAIN_SELF = YES;
				CLANG_WARN_OBJC_LITERAL_CONVERSION = YES;
				CLANG_WARN_OBJC_ROOT_CLASS = YES_ERROR;
				CLANG_WARN_QUOTED_INCLUDE_IN_FRAMEWORK_HEADER = YES;
				CLANG_WARN_RANGE_LOOP_ANALYSIS = YES;
				CLANG_WARN_STRICT_PROTOTYPES = YES;
				CLANG_WARN_SUSPICIOUS_MOVE = YES;
				CLANG_WARN_UNGUARDED_AVAILABILITY = YES_AGGRESSIVE;
				CLANG_WARN_UNREACHABLE_CODE = YES;
				CLANG_WARN__DUPLICATE_METHOD_MATCH = YES;
				COPY_PHASE_STRIP = NO;
				DEBUG_INFORMATION_FORMAT = "dwarf-with-dsym";
				ENABLE_NS_ASSERTIONS = NO;
				ENABLE_STRICT_OBJC_MSGSEND = YES;
				GCC_C_LANGUAGE_STANDARD = gnu11;
				GCC_NO_COMMON_BLOCKS = YES;
				GCC_WARN_64_TO_32_BIT_CONVERSION = YES;
				GCC_WARN_ABOUT_RETURN_TYPE = YES_ERROR;
				GCC_WARN_UNDECLARED_SELECTOR = YES;
				GCC_WARN_UNINITIALIZED_AUTOS = YES_AGGRESSIVE;
				GCC_WARN_UNUSED_FUNCTION = YES;
				GCC_WARN_UNUSED_VARIABLE = YES;
				MACOSX_DEPLOYMENT_TARGET = 13.3;
				MTL_ENABLE_DEBUG_INFO = NO;
				MTL_FAST_MATH = YES;
				SDKROOT = macosx;
			};
			name = Release;
		};
		749395932A7B6AB8007B9DAA /* Debug */ = {
			isa = XCBuildConfiguration;
			buildSettings = {
				ASSETCATALOG_COMPILER_APPICON_NAME = AppIcon;
				ASSETCATALOG_COMPILER_GLOBAL_ACCENT_COLOR_NAME = AccentColor;
				CODE_SIGN_ENTITLEMENTS = "msx1-osx/msx1_osx.entitlements";
				CODE_SIGN_STYLE = Automatic;
				COMBINE_HIDPI_IMAGES = YES;
				CURRENT_PROJECT_VERSION = 1;
				GENERATE_INFOPLIST_FILE = YES;
				INFOPLIST_KEY_NSHumanReadableCopyright = "";
				INFOPLIST_KEY_NSMainStoryboardFile = Main;
				INFOPLIST_KEY_NSPrincipalClass = NSApplication;
				LD_RUNPATH_SEARCH_PATHS = (
					"$(inherited)",
					"@executable_path/../Frameworks",
				);
				MARKETING_VERSION = 1.0;
				PRODUCT_BUNDLE_IDENTIFIER = "com.suzukiplan.msx1-osx";
				PRODUCT_NAME = "$(TARGET_NAME)";
				SWIFT_EMIT_LOC_STRINGS = YES;
			};
			name = Debug;
		};
		749395942A7B6AB8007B9DAA /* Release */ = {
			isa = XCBuildConfiguration;
			buildSettings = {
				ASSETCATALOG_COMPILER_APPICON_NAME = AppIcon;
				ASSETCATALOG_COMPILER_GLOBAL_ACCENT_COLOR_NAME = AccentColor;
				CODE_SIGN_ENTITLEMENTS = "msx1-osx/msx1_osx.entitlements";
				CODE_SIGN_STYLE = Automatic;
				COMBINE_HIDPI_IMAGES = YES;
				CURRENT_PROJECT_VERSION = 1;
				GENERATE_INFOPLIST_FILE = YES;
				INFOPLIST_KEY_NSHumanReadableCopyright = "";
				INFOPLIST_KEY_NSMainStoryboardFile = Main;
				INFOPLIST_KEY_NSPrincipalClass = NSApplication;
				LD_RUNPATH_SEARCH_PATHS = (
					"$(inherited)",
					"@executable_path/../Frameworks",
				);
				MARKETING_VERSION = 1.0;
				PRODUCT_BUNDLE_IDENTIFIER = "com.suzukiplan.msx1-osx";
				PRODUCT_NAME = "$(TARGET_NAME)";
				SWIFT_EMIT_LOC_STRINGS = YES;
			};
			name = Release;
		};
/* End XCBuildConfiguration section */

/* Begin XCConfigurationList section */
		7493957A2A7B6AB6007B9DAA /* Build configuration list for PBXProject "msx1-osx" */ = {
			isa = XCConfigurationList;
			buildConfigurations = (
				749395902A7B6AB8007B9DAA /* Debug */,
				749395912A7B6AB8007B9DAA /* Release */,
			);
			defaultConfigurationIsVisible = 0;
			defaultConfigurationName = Release;
		};
		749395922A7B6AB8007B9DAA /* Build configuration list for PBXNativeTarget "msx1-osx" */ = {
			isa = XCConfigurationList;
			buildConfigurations = (
				749395932A7B6AB8007B9DAA /* Debug */,
				749395942A7B6AB8007B9DAA /* Release */,
			);
			defaultConfigurationIsVisible = 0;
			defaultConfigurationName = Release;
		};
/* End XCConfigurationList section */
	};
	rootObject = 749395772A7B6AB6007B9DAA /* Project object */;
}
